PODS:
  - Alamofire (5.5.0)
  - InAppSettingsKit (3.3.5)
  - Kingfisher (7.1.2)
  - MarkdownView (1.8.3)

DEPENDENCIES:
  - Alamofire (~> 5.5)
  - InAppSettingsKit
  - Kingfisher (~> 7.0)
  - MarkdownView

SPEC REPOS:
  trunk:
    - Alamofire
    - InAppSettingsKit
    - Kingfisher
    - MarkdownView

SPEC CHECKSUMS:
  Alamofire: 1c4fb5369c3fe93d2857c780d8bbe09f06f97e7c
  InAppSettingsKit: e6123b1241711bac01fe7d837fd71f864bb473c0
  Kingfisher: 44ed6a8504763f27bab46163adfac83f5deb240c
  MarkdownView: 44a260beec01538e6cdbbce9c2f631b1f3634907

PODFILE CHECKSUM: bb900b1c11d2a2af9dced22f02eb9286a23dd749

COCOAPODS: 1.11.2
