PODS:
  - Alamofire (5.5.0)
  - InAppSettingsKit (3.3.5)
  - IQKeyboardManager (6.5.9)
  - Kingfisher (7.1.2)
  - MarkdownView (1.8.3)
  - MarqueeLabel (4.0.5)
  - NotificationBannerSwift (3.0.6):
    - MarqueeLabel (~> 4.0.5)
    - SnapKit (~> 5.0.1)
  - SkeletonView (1.29.2)
  - SnapKit (5.0.1)
  - SVProgressHUD (2.2.5)

DEPENDENCIES:
  - Alamofire (~> 5.5)
  - InAppSettingsKit
  - IQKeyboardManager
  - Kingfisher (~> 7.0)
  - MarkdownView
  - NotificationBannerSwift (~> 3.0.0)
  - SkeletonView
  - SVProgressHUD

SPEC REPOS:
  trunk:
    - Alamofire
    - InAppSettingsKit
    - IQKeyboardManager
    - Kingfisher
    - MarkdownView
    - MarqueeLabel
    - NotificationBannerSwift
    - SkeletonView
    - SnapKit
    - SVProgressHUD

SPEC CHECKSUMS:
  Alamofire: 1c4fb5369c3fe93d2857c780d8bbe09f06f97e7c
  InAppSettingsKit: e6123b1241711bac01fe7d837fd71f864bb473c0
  IQKeyboardManager: 241cc94ccabc9deb8f8bd7d12f00d73288d13ecc
  Kingfisher: 44ed6a8504763f27bab46163adfac83f5deb240c
  MarkdownView: 44a260beec01538e6cdbbce9c2f631b1f3634907
  MarqueeLabel: 00cc0bcd087111dca575878b3531af980559707d
  NotificationBannerSwift: 7021be2338f8f29cf424b0aca43da462bf9e2a1a
  SkeletonView: 915a80ecc2b6421ab7ac0f0212321c0cc1406472
  SnapKit: 97b92857e3df3a0c71833cce143274bf6ef8e5eb
  SVProgressHUD: 1428aafac632c1f86f62aa4243ec12008d7a51d6

PODFILE CHECKSUM: 4648dd2b869f8fe37baef7806750e9d5104c7e03

COCOAPODS: 1.11.2
