// !$*UTF8*$!
{
	archiveVersion = 1;
	classes = {
	};
	objectVersion = 51;
	objects = {

/* Begin PBXBuildFile section */
		B8CB8A8A129E04BF1B5523B6 /* Pods_GitIt.framework in Frameworks */ = {isa = PBXBuildFile; fileRef = 44E4A91CA63CD00C68D104B5 /* Pods_GitIt.framework */; };
		C60FAE872744CD7F00A6CE77 /* URLHelper.swift in Sources */ = {isa = PBXBuildFile; fileRef = C60FAE862744CD7F00A6CE77 /* URLHelper.swift */; };
		C6110AE22754FFF10078D7E8 /* RepositoryTableViewCell.swift in Sources */ = {isa = PBXBuildFile; fileRef = C6110AE02754FFF10078D7E8 /* RepositoryTableViewCell.swift */; };
		C6110AE32754FFF10078D7E8 /* RepositoryTableViewCell.xib in Resources */ = {isa = PBXBuildFile; fileRef = C6110AE12754FFF10078D7E8 /* RepositoryTableViewCell.xib */; };
		C6110AE8275509AC0078D7E8 /* RepositoryLogicController.swift in Sources */ = {isa = PBXBuildFile; fileRef = C6110AE7275509AC0078D7E8 /* RepositoryLogicController.swift */; };
		C6110AED275522F70078D7E8 /* LanguageColors.json in Resources */ = {isa = PBXBuildFile; fileRef = C6110AEC275522F70078D7E8 /* LanguageColors.json */; };
		C6110AEF275545730078D7E8 /* RepositoryDetailLogicController.swift in Sources */ = {isa = PBXBuildFile; fileRef = C6110AEE275545730078D7E8 /* RepositoryDetailLogicController.swift */; };
		C6216FAC2791AED100C9ABC2 /* BundleHelper.swift in Sources */ = {isa = PBXBuildFile; fileRef = C6216FAB2791AED100C9ABC2 /* BundleHelper.swift */; };
		C62899E12783EA8D007155E8 /* Owner+CoreDataClass.swift in Sources */ = {isa = PBXBuildFile; fileRef = C62899E02783EA8D007155E8 /* Owner+CoreDataClass.swift */; };
		C62899E22783EA8D007155E8 /* Owner+CoreDataProperties.swift in Sources */ = {isa = PBXBuildFile; fileRef = C62899DF2783EA8D007155E8 /* Owner+CoreDataProperties.swift */; };
		C62899E7278400EE007155E8 /* BookmarksLogicController.swift in Sources */ = {isa = PBXBuildFile; fileRef = C62899E6278400EE007155E8 /* BookmarksLogicController.swift */; };
		C635C00B2731AF7600ADA247 /* KeychainManager.swift in Sources */ = {isa = PBXBuildFile; fileRef = C635C00A2731AF7600ADA247 /* KeychainManager.swift */; };
		C63EEC94278D437F009C842A /* Localizable.strings in Resources */ = {isa = PBXBuildFile; fileRef = C63EEC96278D437F009C842A /* Localizable.strings */; };
		C63EEC9A278D44AD009C842A /* FoundationExtensions.swift in Sources */ = {isa = PBXBuildFile; fileRef = C63EEC99278D44AD009C842A /* FoundationExtensions.swift */; };
		C63EEC9B278D6B59009C842A /* Search.storyboard in Resources */ = {isa = PBXBuildFile; fileRef = C63EEC9D278D6B59009C842A /* Search.storyboard */; };
		C645FCF0278BDF2C006719E2 /* InAppSettings.bundle in Resources */ = {isa = PBXBuildFile; fileRef = C645FCEF278BDF2C006719E2 /* InAppSettings.bundle */; };
		C64F6F082736DCF900E2E727 /* UserLogicController.swift in Sources */ = {isa = PBXBuildFile; fileRef = C64F6F072736DCF900E2E727 /* UserLogicController.swift */; };
		C64F6F0A2736F33700E2E727 /* ReachabilityHelper.swift in Sources */ = {isa = PBXBuildFile; fileRef = C64F6F092736F33700E2E727 /* ReachabilityHelper.swift */; };
		C64F6F0C27374F0300E2E727 /* ProfileViewController.swift in Sources */ = {isa = PBXBuildFile; fileRef = C64F6F0B27374F0300E2E727 /* ProfileViewController.swift */; };
		C64FE5A6277B4646002E5FC0 /* SFStaticTableViewController.swift in Sources */ = {isa = PBXBuildFile; fileRef = C64FE5A5277B4646002E5FC0 /* SFStaticTableViewController.swift */; };
		C64FE5A8277B4670002E5FC0 /* SFStaticTableView.swift in Sources */ = {isa = PBXBuildFile; fileRef = C64FE5A7277B4670002E5FC0 /* SFStaticTableView.swift */; };
		C653A3AD277DEB10001A5B72 /* UITableView.swift in Sources */ = {isa = PBXBuildFile; fileRef = C653A3AC277DEB10001A5B72 /* UITableView.swift */; };
		C653A3AF277DEB38001A5B72 /* UICollectionView.swift in Sources */ = {isa = PBXBuildFile; fileRef = C653A3AE277DEB38001A5B72 /* UICollectionView.swift */; };
		C6564235277F3BFF00FBCE2F /* SFViewController.swift in Sources */ = {isa = PBXBuildFile; fileRef = C6564234277F3BFF00FBCE2F /* SFViewController.swift */; };
		C6564237277F3CBD00FBCE2F /* SFView.swift in Sources */ = {isa = PBXBuildFile; fileRef = C6564236277F3CBD00FBCE2F /* SFView.swift */; };
		C656EB96277A20B000E39EFC /* SFDynamicTableViewController.swift in Sources */ = {isa = PBXBuildFile; fileRef = C656EB95277A20B000E39EFC /* SFDynamicTableViewController.swift */; };
		C656EB98277A210800E39EFC /* SFDynamicTableView.swift in Sources */ = {isa = PBXBuildFile; fileRef = C656EB97277A210800E39EFC /* SFDynamicTableView.swift */; };
		C656EB9A277A216B00E39EFC /* StatefulView.swift in Sources */ = {isa = PBXBuildFile; fileRef = C656EB99277A216B00E39EFC /* StatefulView.swift */; };
		C656EB9C277A269300E39EFC /* Constants.swift in Sources */ = {isa = PBXBuildFile; fileRef = C656EB9B277A269300E39EFC /* Constants.swift */; };
		C656EB9F277A3F3D00E39EFC /* IBViewController.swift in Sources */ = {isa = PBXBuildFile; fileRef = C656EB9E277A3F3D00E39EFC /* IBViewController.swift */; };
		C656EBA1277A3F6B00E39EFC /* IBTableViewCell.swift in Sources */ = {isa = PBXBuildFile; fileRef = C656EBA0277A3F6B00E39EFC /* IBTableViewCell.swift */; };
		C656EBA3277A47FA00E39EFC /* FooterErrorView.swift in Sources */ = {isa = PBXBuildFile; fileRef = C656EBA2277A47FA00E39EFC /* FooterErrorView.swift */; };
		C656EBA5277A491200E39EFC /* FooterErrorView.xib in Resources */ = {isa = PBXBuildFile; fileRef = C656EBA4277A491200E39EFC /* FooterErrorView.xib */; };
		C659EE6427760600001C1E5D /* ActivityIndicatorView.swift in Sources */ = {isa = PBXBuildFile; fileRef = C659EE6327760600001C1E5D /* ActivityIndicatorView.swift */; };
		C659EE662776087D001C1E5D /* ActivityIndicatorView.xib in Resources */ = {isa = PBXBuildFile; fileRef = C659EE652776087D001C1E5D /* ActivityIndicatorView.xib */; };
		C659EE6827761F20001C1E5D /* FooterActivityIndicatorView.swift in Sources */ = {isa = PBXBuildFile; fileRef = C659EE6727761F20001C1E5D /* FooterActivityIndicatorView.swift */; };
		C659EE6A27762061001C1E5D /* FooterActivityIndicatorView.xib in Resources */ = {isa = PBXBuildFile; fileRef = C659EE6927762061001C1E5D /* FooterActivityIndicatorView.xib */; };
		C659EE6C27762433001C1E5D /* ErrorView.swift in Sources */ = {isa = PBXBuildFile; fileRef = C659EE6B27762433001C1E5D /* ErrorView.swift */; };
		C65C0E04276A36DD00ED17CB /* OrganizationViewController.swift in Sources */ = {isa = PBXBuildFile; fileRef = C65C0E03276A36DD00ED17CB /* OrganizationViewController.swift */; };
		C65C0E06276A36F200ED17CB /* OrganizationDetailViewController.swift in Sources */ = {isa = PBXBuildFile; fileRef = C65C0E05276A36F200ED17CB /* OrganizationDetailViewController.swift */; };
		C65C0E08276A371900ED17CB /* OrganizationLogicController.swift in Sources */ = {isa = PBXBuildFile; fileRef = C65C0E07276A371900ED17CB /* OrganizationLogicController.swift */; };
		C65C0E0A276A374700ED17CB /* OrganizationDetailLogicController.swift in Sources */ = {isa = PBXBuildFile; fileRef = C65C0E09276A374700ED17CB /* OrganizationDetailLogicController.swift */; };
		C65C0E0F276A43DB00ED17CB /* OrganizationTableViewCell.swift in Sources */ = {isa = PBXBuildFile; fileRef = C65C0E0D276A43DB00ED17CB /* OrganizationTableViewCell.swift */; };
		C65C0E10276A43DB00ED17CB /* OrganizationTableViewCell.xib in Resources */ = {isa = PBXBuildFile; fileRef = C65C0E0E276A43DB00ED17CB /* OrganizationTableViewCell.xib */; };
		C66033FE277CDF0400907494 /* HistoryViewController.swift in Sources */ = {isa = PBXBuildFile; fileRef = C66033FD277CDF0400907494 /* HistoryViewController.swift */; };
		C6603400277CE53A00907494 /* HistoryCollectionViewController.swift in Sources */ = {isa = PBXBuildFile; fileRef = C66033FF277CE53A00907494 /* HistoryCollectionViewController.swift */; };
		C6603402277CE69400907494 /* IBCollectionViewCell.swift in Sources */ = {isa = PBXBuildFile; fileRef = C6603401277CE69400907494 /* IBCollectionViewCell.swift */; };
		C6603404277CE86700907494 /* SFDynamicCollectionView.swift in Sources */ = {isa = PBXBuildFile; fileRef = C6603403277CE86700907494 /* SFDynamicCollectionView.swift */; };
		C6603406277CEA9B00907494 /* SFDynamicCollectionViewController.swift in Sources */ = {isa = PBXBuildFile; fileRef = C6603405277CEA9B00907494 /* SFDynamicCollectionViewController.swift */; };
		C662BE23279361690018845C /* AdaptableSizeButton.swift in Sources */ = {isa = PBXBuildFile; fileRef = C662BE22279361690018845C /* AdaptableSizeButton.swift */; };
		C662EE95278F071F005545DB /* ErrorView.xib in Resources */ = {isa = PBXBuildFile; fileRef = C662EE97278F071F005545DB /* ErrorView.xib */; };
		C66412312780789500D605BF /* HistoryLogicController.swift in Sources */ = {isa = PBXBuildFile; fileRef = C66412302780789500D605BF /* HistoryLogicController.swift */; };
		C66412352780790E00D605BF /* HistoryDelegates.swift in Sources */ = {isa = PBXBuildFile; fileRef = C66412342780790E00D605BF /* HistoryDelegates.swift */; };
		C66412382780796E00D605BF /* HistoryExtensions.swift in Sources */ = {isa = PBXBuildFile; fileRef = C66412372780796E00D605BF /* HistoryExtensions.swift */; };
		C664123D27807CEA00D605BF /* ResultsLogicController.swift in Sources */ = {isa = PBXBuildFile; fileRef = C664123C27807CEA00D605BF /* ResultsLogicController.swift */; };
		C6641241278083D700D605BF /* ResultsDelegates.swift in Sources */ = {isa = PBXBuildFile; fileRef = C6641240278083D700D605BF /* ResultsDelegates.swift */; };
		C66412452780845900D605BF /* CoordinatorExtensions.swift in Sources */ = {isa = PBXBuildFile; fileRef = C66412442780845900D605BF /* CoordinatorExtensions.swift */; };
		C66412472780859A00D605BF /* EmptyView.xib in Resources */ = {isa = PBXBuildFile; fileRef = C66412462780859A00D605BF /* EmptyView.xib */; };
		C66412492780888D00D605BF /* EmptyView.swift in Sources */ = {isa = PBXBuildFile; fileRef = C66412482780888D00D605BF /* EmptyView.swift */; };
		C664124B2780C63B00D605BF /* AlertHelper.swift in Sources */ = {isa = PBXBuildFile; fileRef = C664124A2780C63B00D605BF /* AlertHelper.swift */; };
		C6665EE7276F9DFB00178BA6 /* URLSession.swift in Sources */ = {isa = PBXBuildFile; fileRef = C6665EE6276F9DFB00178BA6 /* URLSession.swift */; };
		C66F2A242740D3D1000ED46E /* NetworkTypes.swift in Sources */ = {isa = PBXBuildFile; fileRef = C66F2A232740D3D1000ED46E /* NetworkTypes.swift */; };
		C678EAE6278C3BF800A6985D /* ThemeManager.swift in Sources */ = {isa = PBXBuildFile; fileRef = C678EAE5278C3BF800A6985D /* ThemeManager.swift */; };
		C67AB9922789E01E00D7E084 /* IconicNumericView.xib in Resources */ = {isa = PBXBuildFile; fileRef = C67AB9912789E01E00D7E084 /* IconicNumericView.xib */; };
		C67AB9942789E30200D7E084 /* IconicNumericView.swift in Sources */ = {isa = PBXBuildFile; fileRef = C67AB9932789E30200D7E084 /* IconicNumericView.swift */; };
		C6856677274BBB7400833D6E /* SplashViewController.swift in Sources */ = {isa = PBXBuildFile; fileRef = C6856676274BBB7400833D6E /* SplashViewController.swift */; };
		C6856679274BC3E300833D6E /* UserDetailLogicController.swift in Sources */ = {isa = PBXBuildFile; fileRef = C6856678274BC3E200833D6E /* UserDetailLogicController.swift */; };
		C685667E274BF7EB00833D6E /* HistoryCollectionViewCell.swift in Sources */ = {isa = PBXBuildFile; fileRef = C685667C274BF7EB00833D6E /* HistoryCollectionViewCell.swift */; };
		C685667F274BF7EB00833D6E /* HistoryCollectionViewCell.xib in Resources */ = {isa = PBXBuildFile; fileRef = C685667D274BF7EB00833D6E /* HistoryCollectionViewCell.xib */; };
		C68AC80027831E4000FE0C08 /* BookmarksManager.swift in Sources */ = {isa = PBXBuildFile; fileRef = C68AC7FF27831E4000FE0C08 /* BookmarksManager.swift */; };
		C68AC80B2783404700FE0C08 /* User+CoreDataClass.swift in Sources */ = {isa = PBXBuildFile; fileRef = C68AC80A2783404700FE0C08 /* User+CoreDataClass.swift */; };
		C68AC80C2783404700FE0C08 /* User+CoreDataProperties.swift in Sources */ = {isa = PBXBuildFile; fileRef = C68AC8092783404700FE0C08 /* User+CoreDataProperties.swift */; };
		C68AC80F278340F500FE0C08 /* Repository+CoreDataClass.swift in Sources */ = {isa = PBXBuildFile; fileRef = C68AC80E278340F500FE0C08 /* Repository+CoreDataClass.swift */; };
		C68AC810278340F500FE0C08 /* Repository+CoreDataProperties.swift in Sources */ = {isa = PBXBuildFile; fileRef = C68AC80D278340F500FE0C08 /* Repository+CoreDataProperties.swift */; };
		C68AC8132783414400FE0C08 /* Organization+CoreDataClass.swift in Sources */ = {isa = PBXBuildFile; fileRef = C68AC8122783414400FE0C08 /* Organization+CoreDataClass.swift */; };
		C68AC8142783414400FE0C08 /* Organization+CoreDataProperties.swift in Sources */ = {isa = PBXBuildFile; fileRef = C68AC8112783414400FE0C08 /* Organization+CoreDataProperties.swift */; };
		C68B64EB271DD34B00A26D05 /* AppDelegate.swift in Sources */ = {isa = PBXBuildFile; fileRef = C68B64EA271DD34B00A26D05 /* AppDelegate.swift */; };
		C68B64ED271DD34B00A26D05 /* SceneDelegate.swift in Sources */ = {isa = PBXBuildFile; fileRef = C68B64EC271DD34B00A26D05 /* SceneDelegate.swift */; };
		C68B64F2271DD34B00A26D05 /* Main.storyboard in Resources */ = {isa = PBXBuildFile; fileRef = C68B64F0271DD34B00A26D05 /* Main.storyboard */; };
		C68B64F5271DD34B00A26D05 /* GitIt.xcdatamodeld in Sources */ = {isa = PBXBuildFile; fileRef = C68B64F3271DD34B00A26D05 /* GitIt.xcdatamodeld */; };
		C68B64F7271DD34C00A26D05 /* Assets.xcassets in Resources */ = {isa = PBXBuildFile; fileRef = C68B64F6271DD34C00A26D05 /* Assets.xcassets */; };
		C68B64FA271DD34C00A26D05 /* LaunchScreen.storyboard in Resources */ = {isa = PBXBuildFile; fileRef = C68B64F8271DD34C00A26D05 /* LaunchScreen.storyboard */; };
		C68B6506271DEB8E00A26D05 /* RepositoryViewController.swift in Sources */ = {isa = PBXBuildFile; fileRef = C68B6505271DEB8E00A26D05 /* RepositoryViewController.swift */; };
		C68B6508271DEC4A00A26D05 /* BookmarksViewController.swift in Sources */ = {isa = PBXBuildFile; fileRef = C68B6507271DEC4A00A26D05 /* BookmarksViewController.swift */; };
		C68B650A271E148B00A26D05 /* UserDetailViewController.swift in Sources */ = {isa = PBXBuildFile; fileRef = C68B6509271E148B00A26D05 /* UserDetailViewController.swift */; };
		C68B650C271E152E00A26D05 /* RepositoryDetailViewController.swift in Sources */ = {isa = PBXBuildFile; fileRef = C68B650B271E152E00A26D05 /* RepositoryDetailViewController.swift */; };
		C68B650F271E1A1400A26D05 /* NetworkClient.swift in Sources */ = {isa = PBXBuildFile; fileRef = C68B650E271E1A1400A26D05 /* NetworkClient.swift */; };
		C68FCBC8273838A50019C932 /* ExploreViewController.swift in Sources */ = {isa = PBXBuildFile; fileRef = C68FCBC7273838A50019C932 /* ExploreViewController.swift */; };
		C693C4A92729BE1D0061ED73 /* SignInViewController.swift in Sources */ = {isa = PBXBuildFile; fileRef = C693C4A82729BE1D0061ED73 /* SignInViewController.swift */; };
		C694B49D273F7DF400C6F5A6 /* SettingsViewController.swift in Sources */ = {isa = PBXBuildFile; fileRef = C694B49C273F7DF400C6F5A6 /* SettingsViewController.swift */; };
		C696BFE92725E49E0078FBF4 /* UserTableViewCell.swift in Sources */ = {isa = PBXBuildFile; fileRef = C696BFE82725E49E0078FBF4 /* UserTableViewCell.swift */; };
		C69A5E4927428B5F007054EA /* HistoryTableViewCell.swift in Sources */ = {isa = PBXBuildFile; fileRef = C69A5E4727428B5F007054EA /* HistoryTableViewCell.swift */; };
		C69A5E4A27428B5F007054EA /* HistoryTableViewCell.xib in Resources */ = {isa = PBXBuildFile; fileRef = C69A5E4827428B5F007054EA /* HistoryTableViewCell.xib */; };
		C69BEE4627422414005B6AA2 /* UserTableViewCell.xib in Resources */ = {isa = PBXBuildFile; fileRef = C69BEE4427422414005B6AA2 /* UserTableViewCell.xib */; };
		C69ECCD927323D5A00E158A3 /* TokenHelper.swift in Sources */ = {isa = PBXBuildFile; fileRef = C69ECCD827323D5A00E158A3 /* TokenHelper.swift */; };
		C69ECCDB2732441F00E158A3 /* DataManager.swift in Sources */ = {isa = PBXBuildFile; fileRef = C69ECCDA2732441F00E158A3 /* DataManager.swift */; };
		C69ECCE32732566800E158A3 /* NetworkManager.swift in Sources */ = {isa = PBXBuildFile; fileRef = C69ECCE22732566800E158A3 /* NetworkManager.swift */; };
		C69ECCE62732819000E158A3 /* SessionManager.swift in Sources */ = {isa = PBXBuildFile; fileRef = C69ECCE52732819000E158A3 /* SessionManager.swift */; };
		C6A1482C2739819000BE7DE9 /* UserViewController.swift in Sources */ = {isa = PBXBuildFile; fileRef = C6A1482B2739819000BE7DE9 /* UserViewController.swift */; };
		C6A1DC67274A11BC00E40BB8 /* Models.swift in Sources */ = {isa = PBXBuildFile; fileRef = C6A1DC66274A11BC00E40BB8 /* Models.swift */; };
		C6A7F86E274CE0E000622E76 /* HistoryHeaderView.swift in Sources */ = {isa = PBXBuildFile; fileRef = C6A7F86D274CE0E000622E76 /* HistoryHeaderView.swift */; };
		C6B26AE72768B42700ED41F8 /* CommitViewController.swift in Sources */ = {isa = PBXBuildFile; fileRef = C6B26AE62768B42700ED41F8 /* CommitViewController.swift */; };
		C6B26AE92768B4D600ED41F8 /* CommitDetailViewController.swift in Sources */ = {isa = PBXBuildFile; fileRef = C6B26AE82768B4D600ED41F8 /* CommitDetailViewController.swift */; };
		C6B26AEC2768B51400ED41F8 /* CommitLogicController.swift in Sources */ = {isa = PBXBuildFile; fileRef = C6B26AEB2768B51400ED41F8 /* CommitLogicController.swift */; };
		C6B26AEE2768B53100ED41F8 /* CommitDetailLogicController.swift in Sources */ = {isa = PBXBuildFile; fileRef = C6B26AED2768B53100ED41F8 /* CommitDetailLogicController.swift */; };
		C6B26AF32768C76600ED41F8 /* CommitTableViewCell.swift in Sources */ = {isa = PBXBuildFile; fileRef = C6B26AF12768C76600ED41F8 /* CommitTableViewCell.swift */; };
		C6B26AF42768C76600ED41F8 /* CommitTableViewCell.xib in Resources */ = {isa = PBXBuildFile; fileRef = C6B26AF22768C76600ED41F8 /* CommitTableViewCell.xib */; };
		C6B2DF712720887600AB0C8F /* CoreDataHelper.swift in Sources */ = {isa = PBXBuildFile; fileRef = C6B2DF702720887600AB0C8F /* CoreDataHelper.swift */; };
		C6B3EB3E278AD96200CBEA48 /* IconicTextView.swift in Sources */ = {isa = PBXBuildFile; fileRef = C6B3EB3D278AD96200CBEA48 /* IconicTextView.swift */; };
		C6B3EB40278AD9B100CBEA48 /* IconicTextView.xib in Resources */ = {isa = PBXBuildFile; fileRef = C6B3EB3F278AD9B100CBEA48 /* IconicTextView.xib */; };
		C6C605FA273EC7B700BA27C2 /* CommonTypes.swift in Sources */ = {isa = PBXBuildFile; fileRef = C6C605F9273EC7B700BA27C2 /* CommonTypes.swift */; };
		C6C605FD273EC89000BA27C2 /* SearchCoordinator.swift in Sources */ = {isa = PBXBuildFile; fileRef = C6C605FC273EC89000BA27C2 /* SearchCoordinator.swift */; };
		C6C605FF273EC90000BA27C2 /* Spinner.swift in Sources */ = {isa = PBXBuildFile; fileRef = C6C605FE273EC90000BA27C2 /* Spinner.swift */; };
		C6C60601273ECA8300BA27C2 /* SearchTimer.swift in Sources */ = {isa = PBXBuildFile; fileRef = C6C60600273ECA8300BA27C2 /* SearchTimer.swift */; };
		C6CCED6E275D0C2E0052CC8E /* UIView.swift in Sources */ = {isa = PBXBuildFile; fileRef = C6CCED6D275D0C2E0052CC8E /* UIView.swift */; };
		C6CCED72275D0D590052CC8E /* UIColor.swift in Sources */ = {isa = PBXBuildFile; fileRef = C6CCED71275D0D590052CC8E /* UIColor.swift */; };
		C6CCED76275D0E370052CC8E /* SFImageView.swift in Sources */ = {isa = PBXBuildFile; fileRef = C6CCED75275D0E370052CC8E /* SFImageView.swift */; };
		C6CCED79275D132D0052CC8E /* ImageLoader.swift in Sources */ = {isa = PBXBuildFile; fileRef = C6CCED78275D132D0052CC8E /* ImageLoader.swift */; };
		C6CCED84275D30B30052CC8E /* LicenseViewController.swift in Sources */ = {isa = PBXBuildFile; fileRef = C6CCED83275D30B30052CC8E /* LicenseViewController.swift */; };
		C6CCED86275D36A00052CC8E /* LicenseLogicController.swift in Sources */ = {isa = PBXBuildFile; fileRef = C6CCED85275D36A00052CC8E /* LicenseLogicController.swift */; };
		C6DD549F2771141800DA0223 /* DataTypes.swift in Sources */ = {isa = PBXBuildFile; fileRef = C6DD549E2771141800DA0223 /* DataTypes.swift */; };
		C6DD54A12771146000DA0223 /* SessionTypes.swift in Sources */ = {isa = PBXBuildFile; fileRef = C6DD54A02771146000DA0223 /* SessionTypes.swift */; };
		C6DD54A3277114CF00DA0223 /* ThemeTypes.swift in Sources */ = {isa = PBXBuildFile; fileRef = C6DD54A2277114CF00DA0223 /* ThemeTypes.swift */; };
		C6DFF6142791A9AE00A617CB /* UserDefaultsHelper.swift in Sources */ = {isa = PBXBuildFile; fileRef = C6DFF6132791A9AE00A617CB /* UserDefaultsHelper.swift */; };
		C6DFF6162791A9DF00A617CB /* FileManagerHelper.swift in Sources */ = {isa = PBXBuildFile; fileRef = C6DFF6152791A9DF00A617CB /* FileManagerHelper.swift */; };
		C6E6799D279064620060AFD3 /* SearchHistoryManager.swift in Sources */ = {isa = PBXBuildFile; fileRef = C6E6799C279064620060AFD3 /* SearchHistoryManager.swift */; };
		C6F46E762753AC5B00498614 /* HistoryView.xib in Resources */ = {isa = PBXBuildFile; fileRef = C6F46E752753AC5B00498614 /* HistoryView.xib */; };
		C6F46E7827541B2700498614 /* SearchController.swift in Sources */ = {isa = PBXBuildFile; fileRef = C6F46E7727541B2700498614 /* SearchController.swift */; };
		C6F46E7A27541C9300498614 /* ResultsViewController.swift in Sources */ = {isa = PBXBuildFile; fileRef = C6F46E7927541C9300498614 /* ResultsViewController.swift */; };
		C6F46E7C27541D0E00498614 /* HistoryTableViewController.swift in Sources */ = {isa = PBXBuildFile; fileRef = C6F46E7B27541D0E00498614 /* HistoryTableViewController.swift */; };
/* End PBXBuildFile section */

/* Begin PBXFileReference section */
		0414408764075E1116E272E1 /* Pods-GitIt.release.xcconfig */ = {isa = PBXFileReference; includeInIndex = 1; lastKnownFileType = text.xcconfig; name = "Pods-GitIt.release.xcconfig"; path = "Target Support Files/Pods-GitIt/Pods-GitIt.release.xcconfig"; sourceTree = "<group>"; };
		289C9137C4BEF3F7DA6274A7 /* Pods-GitIt.debug.xcconfig */ = {isa = PBXFileReference; includeInIndex = 1; lastKnownFileType = text.xcconfig; name = "Pods-GitIt.debug.xcconfig"; path = "Target Support Files/Pods-GitIt/Pods-GitIt.debug.xcconfig"; sourceTree = "<group>"; };
		44E4A91CA63CD00C68D104B5 /* Pods_GitIt.framework */ = {isa = PBXFileReference; explicitFileType = wrapper.framework; includeInIndex = 0; path = Pods_GitIt.framework; sourceTree = BUILT_PRODUCTS_DIR; };
		C60FAE862744CD7F00A6CE77 /* URLHelper.swift */ = {isa = PBXFileReference; lastKnownFileType = sourcecode.swift; path = URLHelper.swift; sourceTree = "<group>"; };
		C6110AE02754FFF10078D7E8 /* RepositoryTableViewCell.swift */ = {isa = PBXFileReference; lastKnownFileType = sourcecode.swift; path = RepositoryTableViewCell.swift; sourceTree = "<group>"; };
		C6110AE12754FFF10078D7E8 /* RepositoryTableViewCell.xib */ = {isa = PBXFileReference; lastKnownFileType = file.xib; path = RepositoryTableViewCell.xib; sourceTree = "<group>"; };
		C6110AE7275509AC0078D7E8 /* RepositoryLogicController.swift */ = {isa = PBXFileReference; lastKnownFileType = sourcecode.swift; path = RepositoryLogicController.swift; sourceTree = "<group>"; };
		C6110AEC275522F70078D7E8 /* LanguageColors.json */ = {isa = PBXFileReference; lastKnownFileType = text.json; path = LanguageColors.json; sourceTree = "<group>"; };
		C6110AEE275545730078D7E8 /* RepositoryDetailLogicController.swift */ = {isa = PBXFileReference; lastKnownFileType = sourcecode.swift; path = RepositoryDetailLogicController.swift; sourceTree = "<group>"; };
		C6216FAB2791AED100C9ABC2 /* BundleHelper.swift */ = {isa = PBXFileReference; lastKnownFileType = sourcecode.swift; path = BundleHelper.swift; sourceTree = "<group>"; };
		C62899DF2783EA8D007155E8 /* Owner+CoreDataProperties.swift */ = {isa = PBXFileReference; lastKnownFileType = sourcecode.swift; path = "Owner+CoreDataProperties.swift"; sourceTree = "<group>"; };
		C62899E02783EA8D007155E8 /* Owner+CoreDataClass.swift */ = {isa = PBXFileReference; lastKnownFileType = sourcecode.swift; path = "Owner+CoreDataClass.swift"; sourceTree = "<group>"; };
		C62899E6278400EE007155E8 /* BookmarksLogicController.swift */ = {isa = PBXFileReference; lastKnownFileType = sourcecode.swift; path = BookmarksLogicController.swift; sourceTree = "<group>"; };
		C635C00A2731AF7600ADA247 /* KeychainManager.swift */ = {isa = PBXFileReference; lastKnownFileType = sourcecode.swift; path = KeychainManager.swift; sourceTree = "<group>"; };
		C63EEC91278D3988009C842A /* ar */ = {isa = PBXFileReference; lastKnownFileType = text.plist.strings; name = ar; path = ar.lproj/Main.strings; sourceTree = "<group>"; };
		C63EEC95278D437F009C842A /* en */ = {isa = PBXFileReference; lastKnownFileType = text.plist.strings; name = en; path = en.lproj/Localizable.strings; sourceTree = "<group>"; };
		C63EEC97278D4381009C842A /* ar */ = {isa = PBXFileReference; lastKnownFileType = text.plist.strings; name = ar; path = ar.lproj/Localizable.strings; sourceTree = "<group>"; };
		C63EEC99278D44AD009C842A /* FoundationExtensions.swift */ = {isa = PBXFileReference; lastKnownFileType = sourcecode.swift; path = FoundationExtensions.swift; sourceTree = "<group>"; };
		C63EEC9C278D6B59009C842A /* Base */ = {isa = PBXFileReference; lastKnownFileType = file.storyboard; name = Base; path = Base.lproj/Search.storyboard; sourceTree = "<group>"; };
		C63EEC9F278D6B64009C842A /* ar */ = {isa = PBXFileReference; lastKnownFileType = text.plist.strings; name = ar; path = ar.lproj/Search.strings; sourceTree = "<group>"; };
		C645FCEF278BDF2C006719E2 /* InAppSettings.bundle */ = {isa = PBXFileReference; lastKnownFileType = "wrapper.plug-in"; path = InAppSettings.bundle; sourceTree = "<group>"; };
		C64F6F072736DCF900E2E727 /* UserLogicController.swift */ = {isa = PBXFileReference; lastKnownFileType = sourcecode.swift; path = UserLogicController.swift; sourceTree = "<group>"; };
		C64F6F092736F33700E2E727 /* ReachabilityHelper.swift */ = {isa = PBXFileReference; lastKnownFileType = sourcecode.swift; path = ReachabilityHelper.swift; sourceTree = "<group>"; };
		C64F6F0B27374F0300E2E727 /* ProfileViewController.swift */ = {isa = PBXFileReference; lastKnownFileType = sourcecode.swift; path = ProfileViewController.swift; sourceTree = "<group>"; };
		C64FE5A5277B4646002E5FC0 /* SFStaticTableViewController.swift */ = {isa = PBXFileReference; lastKnownFileType = sourcecode.swift; path = SFStaticTableViewController.swift; sourceTree = "<group>"; };
		C64FE5A7277B4670002E5FC0 /* SFStaticTableView.swift */ = {isa = PBXFileReference; lastKnownFileType = sourcecode.swift; path = SFStaticTableView.swift; sourceTree = "<group>"; };
		C653A3AC277DEB10001A5B72 /* UITableView.swift */ = {isa = PBXFileReference; lastKnownFileType = sourcecode.swift; path = UITableView.swift; sourceTree = "<group>"; };
		C653A3AE277DEB38001A5B72 /* UICollectionView.swift */ = {isa = PBXFileReference; lastKnownFileType = sourcecode.swift; path = UICollectionView.swift; sourceTree = "<group>"; };
		C6564234277F3BFF00FBCE2F /* SFViewController.swift */ = {isa = PBXFileReference; lastKnownFileType = sourcecode.swift; path = SFViewController.swift; sourceTree = "<group>"; };
		C6564236277F3CBD00FBCE2F /* SFView.swift */ = {isa = PBXFileReference; lastKnownFileType = sourcecode.swift; path = SFView.swift; sourceTree = "<group>"; };
		C656EB95277A20B000E39EFC /* SFDynamicTableViewController.swift */ = {isa = PBXFileReference; lastKnownFileType = sourcecode.swift; path = SFDynamicTableViewController.swift; sourceTree = "<group>"; };
		C656EB97277A210800E39EFC /* SFDynamicTableView.swift */ = {isa = PBXFileReference; lastKnownFileType = sourcecode.swift; path = SFDynamicTableView.swift; sourceTree = "<group>"; };
		C656EB99277A216B00E39EFC /* StatefulView.swift */ = {isa = PBXFileReference; lastKnownFileType = sourcecode.swift; path = StatefulView.swift; sourceTree = "<group>"; };
		C656EB9B277A269300E39EFC /* Constants.swift */ = {isa = PBXFileReference; lastKnownFileType = sourcecode.swift; path = Constants.swift; sourceTree = "<group>"; };
		C656EB9E277A3F3D00E39EFC /* IBViewController.swift */ = {isa = PBXFileReference; lastKnownFileType = sourcecode.swift; path = IBViewController.swift; sourceTree = "<group>"; };
		C656EBA0277A3F6B00E39EFC /* IBTableViewCell.swift */ = {isa = PBXFileReference; lastKnownFileType = sourcecode.swift; path = IBTableViewCell.swift; sourceTree = "<group>"; };
		C656EBA2277A47FA00E39EFC /* FooterErrorView.swift */ = {isa = PBXFileReference; lastKnownFileType = sourcecode.swift; path = FooterErrorView.swift; sourceTree = "<group>"; };
		C656EBA4277A491200E39EFC /* FooterErrorView.xib */ = {isa = PBXFileReference; fileEncoding = 4; lastKnownFileType = file.xib; path = FooterErrorView.xib; sourceTree = "<group>"; };
		C659EE6327760600001C1E5D /* ActivityIndicatorView.swift */ = {isa = PBXFileReference; lastKnownFileType = sourcecode.swift; path = ActivityIndicatorView.swift; sourceTree = "<group>"; };
		C659EE652776087D001C1E5D /* ActivityIndicatorView.xib */ = {isa = PBXFileReference; lastKnownFileType = file.xib; path = ActivityIndicatorView.xib; sourceTree = "<group>"; };
		C659EE6727761F20001C1E5D /* FooterActivityIndicatorView.swift */ = {isa = PBXFileReference; lastKnownFileType = sourcecode.swift; path = FooterActivityIndicatorView.swift; sourceTree = "<group>"; };
		C659EE6927762061001C1E5D /* FooterActivityIndicatorView.xib */ = {isa = PBXFileReference; lastKnownFileType = file.xib; path = FooterActivityIndicatorView.xib; sourceTree = "<group>"; };
		C659EE6B27762433001C1E5D /* ErrorView.swift */ = {isa = PBXFileReference; lastKnownFileType = sourcecode.swift; path = ErrorView.swift; sourceTree = "<group>"; };
		C65C0E03276A36DD00ED17CB /* OrganizationViewController.swift */ = {isa = PBXFileReference; lastKnownFileType = sourcecode.swift; path = OrganizationViewController.swift; sourceTree = "<group>"; };
		C65C0E05276A36F200ED17CB /* OrganizationDetailViewController.swift */ = {isa = PBXFileReference; lastKnownFileType = sourcecode.swift; path = OrganizationDetailViewController.swift; sourceTree = "<group>"; };
		C65C0E07276A371900ED17CB /* OrganizationLogicController.swift */ = {isa = PBXFileReference; lastKnownFileType = sourcecode.swift; path = OrganizationLogicController.swift; sourceTree = "<group>"; };
		C65C0E09276A374700ED17CB /* OrganizationDetailLogicController.swift */ = {isa = PBXFileReference; lastKnownFileType = sourcecode.swift; path = OrganizationDetailLogicController.swift; sourceTree = "<group>"; };
		C65C0E0D276A43DB00ED17CB /* OrganizationTableViewCell.swift */ = {isa = PBXFileReference; lastKnownFileType = sourcecode.swift; path = OrganizationTableViewCell.swift; sourceTree = "<group>"; };
		C65C0E0E276A43DB00ED17CB /* OrganizationTableViewCell.xib */ = {isa = PBXFileReference; lastKnownFileType = file.xib; path = OrganizationTableViewCell.xib; sourceTree = "<group>"; };
		C66033FD277CDF0400907494 /* HistoryViewController.swift */ = {isa = PBXFileReference; lastKnownFileType = sourcecode.swift; path = HistoryViewController.swift; sourceTree = "<group>"; };
		C66033FF277CE53A00907494 /* HistoryCollectionViewController.swift */ = {isa = PBXFileReference; lastKnownFileType = sourcecode.swift; path = HistoryCollectionViewController.swift; sourceTree = "<group>"; };
		C6603401277CE69400907494 /* IBCollectionViewCell.swift */ = {isa = PBXFileReference; lastKnownFileType = sourcecode.swift; path = IBCollectionViewCell.swift; sourceTree = "<group>"; };
		C6603403277CE86700907494 /* SFDynamicCollectionView.swift */ = {isa = PBXFileReference; lastKnownFileType = sourcecode.swift; path = SFDynamicCollectionView.swift; sourceTree = "<group>"; };
		C6603405277CEA9B00907494 /* SFDynamicCollectionViewController.swift */ = {isa = PBXFileReference; lastKnownFileType = sourcecode.swift; path = SFDynamicCollectionViewController.swift; sourceTree = "<group>"; };
		C662BE22279361690018845C /* AdaptableSizeButton.swift */ = {isa = PBXFileReference; lastKnownFileType = sourcecode.swift; path = AdaptableSizeButton.swift; sourceTree = "<group>"; };
		C662EE96278F071F005545DB /* Base */ = {isa = PBXFileReference; lastKnownFileType = file.xib; name = Base; path = Base.lproj/ErrorView.xib; sourceTree = "<group>"; };
		C662EE9B278F0725005545DB /* ar */ = {isa = PBXFileReference; lastKnownFileType = text.plist.strings; name = ar; path = ar.lproj/ErrorView.strings; sourceTree = "<group>"; };
		C66412302780789500D605BF /* HistoryLogicController.swift */ = {isa = PBXFileReference; lastKnownFileType = sourcecode.swift; path = HistoryLogicController.swift; sourceTree = "<group>"; };
		C66412342780790E00D605BF /* HistoryDelegates.swift */ = {isa = PBXFileReference; lastKnownFileType = sourcecode.swift; path = HistoryDelegates.swift; sourceTree = "<group>"; };
		C66412372780796E00D605BF /* HistoryExtensions.swift */ = {isa = PBXFileReference; lastKnownFileType = sourcecode.swift; path = HistoryExtensions.swift; sourceTree = "<group>"; };
		C664123C27807CEA00D605BF /* ResultsLogicController.swift */ = {isa = PBXFileReference; lastKnownFileType = sourcecode.swift; path = ResultsLogicController.swift; sourceTree = "<group>"; };
		C6641240278083D700D605BF /* ResultsDelegates.swift */ = {isa = PBXFileReference; lastKnownFileType = sourcecode.swift; path = ResultsDelegates.swift; sourceTree = "<group>"; };
		C66412442780845900D605BF /* CoordinatorExtensions.swift */ = {isa = PBXFileReference; lastKnownFileType = sourcecode.swift; path = CoordinatorExtensions.swift; sourceTree = "<group>"; };
		C66412462780859A00D605BF /* EmptyView.xib */ = {isa = PBXFileReference; lastKnownFileType = file.xib; path = EmptyView.xib; sourceTree = "<group>"; };
		C66412482780888D00D605BF /* EmptyView.swift */ = {isa = PBXFileReference; lastKnownFileType = sourcecode.swift; path = EmptyView.swift; sourceTree = "<group>"; };
		C664124A2780C63B00D605BF /* AlertHelper.swift */ = {isa = PBXFileReference; lastKnownFileType = sourcecode.swift; path = AlertHelper.swift; sourceTree = "<group>"; };
		C6665EE6276F9DFB00178BA6 /* URLSession.swift */ = {isa = PBXFileReference; lastKnownFileType = sourcecode.swift; path = URLSession.swift; sourceTree = "<group>"; };
		C66F2A232740D3D1000ED46E /* NetworkTypes.swift */ = {isa = PBXFileReference; lastKnownFileType = sourcecode.swift; path = NetworkTypes.swift; sourceTree = "<group>"; };
		C678EAE5278C3BF800A6985D /* ThemeManager.swift */ = {isa = PBXFileReference; lastKnownFileType = sourcecode.swift; path = ThemeManager.swift; sourceTree = "<group>"; };
		C67AB9912789E01E00D7E084 /* IconicNumericView.xib */ = {isa = PBXFileReference; lastKnownFileType = file.xib; path = IconicNumericView.xib; sourceTree = "<group>"; };
		C67AB9932789E30200D7E084 /* IconicNumericView.swift */ = {isa = PBXFileReference; lastKnownFileType = sourcecode.swift; path = IconicNumericView.swift; sourceTree = "<group>"; };
		C6856676274BBB7400833D6E /* SplashViewController.swift */ = {isa = PBXFileReference; lastKnownFileType = sourcecode.swift; path = SplashViewController.swift; sourceTree = "<group>"; };
		C6856678274BC3E200833D6E /* UserDetailLogicController.swift */ = {isa = PBXFileReference; lastKnownFileType = sourcecode.swift; path = UserDetailLogicController.swift; sourceTree = "<group>"; };
		C685667C274BF7EB00833D6E /* HistoryCollectionViewCell.swift */ = {isa = PBXFileReference; lastKnownFileType = sourcecode.swift; path = HistoryCollectionViewCell.swift; sourceTree = "<group>"; };
		C685667D274BF7EB00833D6E /* HistoryCollectionViewCell.xib */ = {isa = PBXFileReference; lastKnownFileType = file.xib; path = HistoryCollectionViewCell.xib; sourceTree = "<group>"; };
		C68AC7FF27831E4000FE0C08 /* BookmarksManager.swift */ = {isa = PBXFileReference; lastKnownFileType = sourcecode.swift; path = BookmarksManager.swift; sourceTree = "<group>"; };
		C68AC8092783404700FE0C08 /* User+CoreDataProperties.swift */ = {isa = PBXFileReference; lastKnownFileType = sourcecode.swift; path = "User+CoreDataProperties.swift"; sourceTree = "<group>"; };
		C68AC80A2783404700FE0C08 /* User+CoreDataClass.swift */ = {isa = PBXFileReference; lastKnownFileType = sourcecode.swift; path = "User+CoreDataClass.swift"; sourceTree = "<group>"; };
		C68AC80D278340F500FE0C08 /* Repository+CoreDataProperties.swift */ = {isa = PBXFileReference; lastKnownFileType = sourcecode.swift; path = "Repository+CoreDataProperties.swift"; sourceTree = "<group>"; };
		C68AC80E278340F500FE0C08 /* Repository+CoreDataClass.swift */ = {isa = PBXFileReference; lastKnownFileType = sourcecode.swift; path = "Repository+CoreDataClass.swift"; sourceTree = "<group>"; };
		C68AC8112783414400FE0C08 /* Organization+CoreDataProperties.swift */ = {isa = PBXFileReference; lastKnownFileType = sourcecode.swift; path = "Organization+CoreDataProperties.swift"; sourceTree = "<group>"; };
		C68AC8122783414400FE0C08 /* Organization+CoreDataClass.swift */ = {isa = PBXFileReference; lastKnownFileType = sourcecode.swift; path = "Organization+CoreDataClass.swift"; sourceTree = "<group>"; };
		C68B64E7271DD34B00A26D05 /* GitIt.app */ = {isa = PBXFileReference; explicitFileType = wrapper.application; includeInIndex = 0; path = GitIt.app; sourceTree = BUILT_PRODUCTS_DIR; };
		C68B64EA271DD34B00A26D05 /* AppDelegate.swift */ = {isa = PBXFileReference; lastKnownFileType = sourcecode.swift; path = AppDelegate.swift; sourceTree = "<group>"; };
		C68B64EC271DD34B00A26D05 /* SceneDelegate.swift */ = {isa = PBXFileReference; lastKnownFileType = sourcecode.swift; path = SceneDelegate.swift; sourceTree = "<group>"; };
		C68B64F1271DD34B00A26D05 /* Base */ = {isa = PBXFileReference; lastKnownFileType = file.storyboard; name = Base; path = Base.lproj/Main.storyboard; sourceTree = "<group>"; };
		C68B64F4271DD34B00A26D05 /* GitIt.xcdatamodel */ = {isa = PBXFileReference; lastKnownFileType = wrapper.xcdatamodel; path = GitIt.xcdatamodel; sourceTree = "<group>"; };
		C68B64F6271DD34C00A26D05 /* Assets.xcassets */ = {isa = PBXFileReference; lastKnownFileType = folder.assetcatalog; path = Assets.xcassets; sourceTree = "<group>"; };
		C68B64F9271DD34C00A26D05 /* Base */ = {isa = PBXFileReference; lastKnownFileType = file.storyboard; name = Base; path = Base.lproj/LaunchScreen.storyboard; sourceTree = "<group>"; };
		C68B64FB271DD34C00A26D05 /* Info.plist */ = {isa = PBXFileReference; lastKnownFileType = text.plist.xml; path = Info.plist; sourceTree = "<group>"; };
		C68B6505271DEB8E00A26D05 /* RepositoryViewController.swift */ = {isa = PBXFileReference; lastKnownFileType = sourcecode.swift; path = RepositoryViewController.swift; sourceTree = "<group>"; };
		C68B6507271DEC4A00A26D05 /* BookmarksViewController.swift */ = {isa = PBXFileReference; lastKnownFileType = sourcecode.swift; path = BookmarksViewController.swift; sourceTree = "<group>"; };
		C68B6509271E148B00A26D05 /* UserDetailViewController.swift */ = {isa = PBXFileReference; lastKnownFileType = sourcecode.swift; path = UserDetailViewController.swift; sourceTree = "<group>"; };
		C68B650B271E152E00A26D05 /* RepositoryDetailViewController.swift */ = {isa = PBXFileReference; lastKnownFileType = sourcecode.swift; path = RepositoryDetailViewController.swift; sourceTree = "<group>"; };
		C68B650E271E1A1400A26D05 /* NetworkClient.swift */ = {isa = PBXFileReference; lastKnownFileType = sourcecode.swift; path = NetworkClient.swift; sourceTree = "<group>"; };
		C68FCBC7273838A50019C932 /* ExploreViewController.swift */ = {isa = PBXFileReference; lastKnownFileType = sourcecode.swift; path = ExploreViewController.swift; sourceTree = "<group>"; };
		C693C4A82729BE1D0061ED73 /* SignInViewController.swift */ = {isa = PBXFileReference; lastKnownFileType = sourcecode.swift; path = SignInViewController.swift; sourceTree = "<group>"; };
		C694B49C273F7DF400C6F5A6 /* SettingsViewController.swift */ = {isa = PBXFileReference; lastKnownFileType = sourcecode.swift; path = SettingsViewController.swift; sourceTree = "<group>"; };
		C696BFE82725E49E0078FBF4 /* UserTableViewCell.swift */ = {isa = PBXFileReference; lastKnownFileType = sourcecode.swift; path = UserTableViewCell.swift; sourceTree = "<group>"; };
		C69A5E4727428B5F007054EA /* HistoryTableViewCell.swift */ = {isa = PBXFileReference; lastKnownFileType = sourcecode.swift; path = HistoryTableViewCell.swift; sourceTree = "<group>"; };
		C69A5E4827428B5F007054EA /* HistoryTableViewCell.xib */ = {isa = PBXFileReference; lastKnownFileType = file.xib; path = HistoryTableViewCell.xib; sourceTree = "<group>"; };
		C69BEE4427422414005B6AA2 /* UserTableViewCell.xib */ = {isa = PBXFileReference; lastKnownFileType = file.xib; path = UserTableViewCell.xib; sourceTree = "<group>"; };
		C69ECCD827323D5A00E158A3 /* TokenHelper.swift */ = {isa = PBXFileReference; lastKnownFileType = sourcecode.swift; path = TokenHelper.swift; sourceTree = "<group>"; };
		C69ECCDA2732441F00E158A3 /* DataManager.swift */ = {isa = PBXFileReference; lastKnownFileType = sourcecode.swift; path = DataManager.swift; sourceTree = "<group>"; };
		C69ECCE22732566800E158A3 /* NetworkManager.swift */ = {isa = PBXFileReference; lastKnownFileType = sourcecode.swift; path = NetworkManager.swift; sourceTree = "<group>"; };
		C69ECCE52732819000E158A3 /* SessionManager.swift */ = {isa = PBXFileReference; lastKnownFileType = sourcecode.swift; path = SessionManager.swift; sourceTree = "<group>"; };
		C6A1482B2739819000BE7DE9 /* UserViewController.swift */ = {isa = PBXFileReference; lastKnownFileType = sourcecode.swift; path = UserViewController.swift; sourceTree = "<group>"; };
		C6A1DC66274A11BC00E40BB8 /* Models.swift */ = {isa = PBXFileReference; lastKnownFileType = sourcecode.swift; path = Models.swift; sourceTree = "<group>"; };
		C6A7F86D274CE0E000622E76 /* HistoryHeaderView.swift */ = {isa = PBXFileReference; lastKnownFileType = sourcecode.swift; path = HistoryHeaderView.swift; sourceTree = "<group>"; };
		C6B26AE62768B42700ED41F8 /* CommitViewController.swift */ = {isa = PBXFileReference; lastKnownFileType = sourcecode.swift; path = CommitViewController.swift; sourceTree = "<group>"; };
		C6B26AE82768B4D600ED41F8 /* CommitDetailViewController.swift */ = {isa = PBXFileReference; lastKnownFileType = sourcecode.swift; path = CommitDetailViewController.swift; sourceTree = "<group>"; };
		C6B26AEB2768B51400ED41F8 /* CommitLogicController.swift */ = {isa = PBXFileReference; lastKnownFileType = sourcecode.swift; path = CommitLogicController.swift; sourceTree = "<group>"; };
		C6B26AED2768B53100ED41F8 /* CommitDetailLogicController.swift */ = {isa = PBXFileReference; lastKnownFileType = sourcecode.swift; path = CommitDetailLogicController.swift; sourceTree = "<group>"; };
		C6B26AF12768C76600ED41F8 /* CommitTableViewCell.swift */ = {isa = PBXFileReference; lastKnownFileType = sourcecode.swift; path = CommitTableViewCell.swift; sourceTree = "<group>"; };
		C6B26AF22768C76600ED41F8 /* CommitTableViewCell.xib */ = {isa = PBXFileReference; lastKnownFileType = file.xib; path = CommitTableViewCell.xib; sourceTree = "<group>"; };
		C6B2DF702720887600AB0C8F /* CoreDataHelper.swift */ = {isa = PBXFileReference; lastKnownFileType = sourcecode.swift; path = CoreDataHelper.swift; sourceTree = "<group>"; };
		C6B3EB3D278AD96200CBEA48 /* IconicTextView.swift */ = {isa = PBXFileReference; lastKnownFileType = sourcecode.swift; path = IconicTextView.swift; sourceTree = "<group>"; };
		C6B3EB3F278AD9B100CBEA48 /* IconicTextView.xib */ = {isa = PBXFileReference; lastKnownFileType = file.xib; path = IconicTextView.xib; sourceTree = "<group>"; };
		C6C605F9273EC7B700BA27C2 /* CommonTypes.swift */ = {isa = PBXFileReference; lastKnownFileType = sourcecode.swift; path = CommonTypes.swift; sourceTree = "<group>"; };
		C6C605FC273EC89000BA27C2 /* SearchCoordinator.swift */ = {isa = PBXFileReference; lastKnownFileType = sourcecode.swift; path = SearchCoordinator.swift; sourceTree = "<group>"; };
		C6C605FE273EC90000BA27C2 /* Spinner.swift */ = {isa = PBXFileReference; lastKnownFileType = sourcecode.swift; path = Spinner.swift; sourceTree = "<group>"; };
		C6C60600273ECA8300BA27C2 /* SearchTimer.swift */ = {isa = PBXFileReference; lastKnownFileType = sourcecode.swift; path = SearchTimer.swift; sourceTree = "<group>"; };
		C6CCED6D275D0C2E0052CC8E /* UIView.swift */ = {isa = PBXFileReference; lastKnownFileType = sourcecode.swift; path = UIView.swift; sourceTree = "<group>"; };
		C6CCED71275D0D590052CC8E /* UIColor.swift */ = {isa = PBXFileReference; lastKnownFileType = sourcecode.swift; path = UIColor.swift; sourceTree = "<group>"; };
		C6CCED75275D0E370052CC8E /* SFImageView.swift */ = {isa = PBXFileReference; lastKnownFileType = sourcecode.swift; path = SFImageView.swift; sourceTree = "<group>"; };
		C6CCED78275D132D0052CC8E /* ImageLoader.swift */ = {isa = PBXFileReference; lastKnownFileType = sourcecode.swift; path = ImageLoader.swift; sourceTree = "<group>"; };
		C6CCED83275D30B30052CC8E /* LicenseViewController.swift */ = {isa = PBXFileReference; lastKnownFileType = sourcecode.swift; path = LicenseViewController.swift; sourceTree = "<group>"; };
		C6CCED85275D36A00052CC8E /* LicenseLogicController.swift */ = {isa = PBXFileReference; lastKnownFileType = sourcecode.swift; path = LicenseLogicController.swift; sourceTree = "<group>"; };
		C6DD549E2771141800DA0223 /* DataTypes.swift */ = {isa = PBXFileReference; lastKnownFileType = sourcecode.swift; path = DataTypes.swift; sourceTree = "<group>"; };
		C6DD54A02771146000DA0223 /* SessionTypes.swift */ = {isa = PBXFileReference; lastKnownFileType = sourcecode.swift; path = SessionTypes.swift; sourceTree = "<group>"; };
		C6DD54A2277114CF00DA0223 /* ThemeTypes.swift */ = {isa = PBXFileReference; lastKnownFileType = sourcecode.swift; path = ThemeTypes.swift; sourceTree = "<group>"; };
		C6DFF6132791A9AE00A617CB /* UserDefaultsHelper.swift */ = {isa = PBXFileReference; lastKnownFileType = sourcecode.swift; path = UserDefaultsHelper.swift; sourceTree = "<group>"; };
		C6DFF6152791A9DF00A617CB /* FileManagerHelper.swift */ = {isa = PBXFileReference; lastKnownFileType = sourcecode.swift; path = FileManagerHelper.swift; sourceTree = "<group>"; };
		C6E6799C279064620060AFD3 /* SearchHistoryManager.swift */ = {isa = PBXFileReference; lastKnownFileType = sourcecode.swift; path = SearchHistoryManager.swift; sourceTree = "<group>"; };
		C6F46E752753AC5B00498614 /* HistoryView.xib */ = {isa = PBXFileReference; lastKnownFileType = file.xib; path = HistoryView.xib; sourceTree = "<group>"; };
		C6F46E7727541B2700498614 /* SearchController.swift */ = {isa = PBXFileReference; lastKnownFileType = sourcecode.swift; path = SearchController.swift; sourceTree = "<group>"; };
		C6F46E7927541C9300498614 /* ResultsViewController.swift */ = {isa = PBXFileReference; lastKnownFileType = sourcecode.swift; path = ResultsViewController.swift; sourceTree = "<group>"; };
		C6F46E7B27541D0E00498614 /* HistoryTableViewController.swift */ = {isa = PBXFileReference; lastKnownFileType = sourcecode.swift; path = HistoryTableViewController.swift; sourceTree = "<group>"; };
/* End PBXFileReference section */

/* Begin PBXFrameworksBuildPhase section */
		C68B64E4271DD34B00A26D05 /* Frameworks */ = {
			isa = PBXFrameworksBuildPhase;
			buildActionMask = 2147483647;
			files = (
				B8CB8A8A129E04BF1B5523B6 /* Pods_GitIt.framework in Frameworks */,
			);
			runOnlyForDeploymentPostprocessing = 0;
		};
/* End PBXFrameworksBuildPhase section */

/* Begin PBXGroup section */
		41779AFCFDD04496FC182C00 /* Pods */ = {
			isa = PBXGroup;
			children = (
				289C9137C4BEF3F7DA6274A7 /* Pods-GitIt.debug.xcconfig */,
				0414408764075E1116E272E1 /* Pods-GitIt.release.xcconfig */,
			);
			path = Pods;
			sourceTree = "<group>";
		};
		8D4BFC8D6F034917150316DB /* Frameworks */ = {
			isa = PBXGroup;
			children = (
				44E4A91CA63CD00C68D104B5 /* Pods_GitIt.framework */,
			);
			name = Frameworks;
			sourceTree = "<group>";
		};
		C6110ADE2754FEB30078D7E8 /* XIB */ = {
			isa = PBXGroup;
			children = (
				C656423F277F73B000FBCE2F /* Activity Indicator */,
				C656423D277F737400FBCE2F /* Cell */,
				C656423E277F739700FBCE2F /* Error */,
				C6F46E752753AC5B00498614 /* HistoryView.xib */,
				C67AB9912789E01E00D7E084 /* IconicNumericView.xib */,
				C6B3EB3F278AD9B100CBEA48 /* IconicTextView.xib */,
			);
			path = XIB;
			sourceTree = "<group>";
		};
		C6110ADF2754FEC60078D7E8 /* Storyboard */ = {
			isa = PBXGroup;
			children = (
				C68B64F8271DD34C00A26D05 /* LaunchScreen.storyboard */,
				C68B64F0271DD34B00A26D05 /* Main.storyboard */,
				C63EEC9D278D6B59009C842A /* Search.storyboard */,
			);
			path = Storyboard;
			sourceTree = "<group>";
		};
		C6110AE52755094B0078D7E8 /* Logic */ = {
			isa = PBXGroup;
			children = (
				C6B26AEA2768B4F500ED41F8 /* Commit */,
				C65C0E02276A2C7200ED17CB /* Organization */,
				C6CCED82275D2FEF0052CC8E /* Repository */,
				C6CCED81275D2FE60052CC8E /* User */,
				C6CCED85275D36A00052CC8E /* LicenseLogicController.swift */,
				C62899E6278400EE007155E8 /* BookmarksLogicController.swift */,
			);
			path = Logic;
			sourceTree = "<group>";
		};
		C6110AE6275509530078D7E8 /* Extension */ = {
			isa = PBXGroup;
			children = (
			);
			path = Extension;
			sourceTree = "<group>";
		};
		C6110AEB275522930078D7E8 /* Resources */ = {
			isa = PBXGroup;
			children = (
				C68B64F6271DD34C00A26D05 /* Assets.xcassets */,
				C6110AEC275522F70078D7E8 /* LanguageColors.json */,
				C645FCEF278BDF2C006719E2 /* InAppSettings.bundle */,
				C63EEC96278D437F009C842A /* Localizable.strings */,
			);
			path = Resources;
			sourceTree = "<group>";
		};
		C6216FAD2791E70600C9ABC2 /* Manager */ = {
			isa = PBXGroup;
			children = (
				C68AC7FF27831E4000FE0C08 /* BookmarksManager.swift */,
				C69ECCDA2732441F00E158A3 /* DataManager.swift */,
				C6E6799C279064620060AFD3 /* SearchHistoryManager.swift */,
			);
			path = Manager;
			sourceTree = "<group>";
		};
		C62899E32783FA4F007155E8 /* Models */ = {
			isa = PBXGroup;
			children = (
				C62899E02783EA8D007155E8 /* Owner+CoreDataClass.swift */,
				C62899DF2783EA8D007155E8 /* Owner+CoreDataProperties.swift */,
				C68AC8122783414400FE0C08 /* Organization+CoreDataClass.swift */,
				C68AC8112783414400FE0C08 /* Organization+CoreDataProperties.swift */,
				C68AC80E278340F500FE0C08 /* Repository+CoreDataClass.swift */,
				C68AC80D278340F500FE0C08 /* Repository+CoreDataProperties.swift */,
				C68AC80A2783404700FE0C08 /* User+CoreDataClass.swift */,
				C68AC8092783404700FE0C08 /* User+CoreDataProperties.swift */,
			);
			path = Models;
			sourceTree = "<group>";
		};
		C63EEC98278D4490009C842A /* Extension */ = {
			isa = PBXGroup;
			children = (
				C63EEC99278D44AD009C842A /* FoundationExtensions.swift */,
			);
			path = Extension;
			sourceTree = "<group>";
		};
		C64FE5A9277B7C75002E5FC0 /* Stateful */ = {
			isa = PBXGroup;
			children = (
				C6603403277CE86700907494 /* SFDynamicCollectionView.swift */,
				C656EB97277A210800E39EFC /* SFDynamicTableView.swift */,
				C6CCED75275D0E370052CC8E /* SFImageView.swift */,
				C64FE5A7277B4670002E5FC0 /* SFStaticTableView.swift */,
				C6564236277F3CBD00FBCE2F /* SFView.swift */,
			);
			path = Stateful;
			sourceTree = "<group>";
		};
		C64FE5AA277B7C86002E5FC0 /* Error */ = {
			isa = PBXGroup;
			children = (
				C66412482780888D00D605BF /* EmptyView.swift */,
				C659EE6B27762433001C1E5D /* ErrorView.swift */,
				C656EBA2277A47FA00E39EFC /* FooterErrorView.swift */,
			);
			path = Error;
			sourceTree = "<group>";
		};
		C64FE5AB277B7C95002E5FC0 /* Activity Indicator */ = {
			isa = PBXGroup;
			children = (
				C659EE6327760600001C1E5D /* ActivityIndicatorView.swift */,
				C659EE6727761F20001C1E5D /* FooterActivityIndicatorView.swift */,
			);
			path = "Activity Indicator";
			sourceTree = "<group>";
		};
		C64FE5AC277B7CB1002E5FC0 /* Cell */ = {
			isa = PBXGroup;
			children = (
				C6B26AF12768C76600ED41F8 /* CommitTableViewCell.swift */,
				C69A5E4727428B5F007054EA /* HistoryTableViewCell.swift */,
				C685667C274BF7EB00833D6E /* HistoryCollectionViewCell.swift */,
				C65C0E0D276A43DB00ED17CB /* OrganizationTableViewCell.swift */,
				C696BFE82725E49E0078FBF4 /* UserTableViewCell.swift */,
				C6110AE02754FFF10078D7E8 /* RepositoryTableViewCell.swift */,
			);
			path = Cell;
			sourceTree = "<group>";
		};
		C656423D277F737400FBCE2F /* Cell */ = {
			isa = PBXGroup;
			children = (
				C6B26AF22768C76600ED41F8 /* CommitTableViewCell.xib */,
				C69A5E4827428B5F007054EA /* HistoryTableViewCell.xib */,
				C685667D274BF7EB00833D6E /* HistoryCollectionViewCell.xib */,
				C65C0E0E276A43DB00ED17CB /* OrganizationTableViewCell.xib */,
				C69BEE4427422414005B6AA2 /* UserTableViewCell.xib */,
				C6110AE12754FFF10078D7E8 /* RepositoryTableViewCell.xib */,
			);
			path = Cell;
			sourceTree = "<group>";
		};
		C656423E277F739700FBCE2F /* Error */ = {
			isa = PBXGroup;
			children = (
				C66412462780859A00D605BF /* EmptyView.xib */,
				C662EE97278F071F005545DB /* ErrorView.xib */,
				C656EBA4277A491200E39EFC /* FooterErrorView.xib */,
			);
			path = Error;
			sourceTree = "<group>";
		};
		C656423F277F73B000FBCE2F /* Activity Indicator */ = {
			isa = PBXGroup;
			children = (
				C659EE652776087D001C1E5D /* ActivityIndicatorView.xib */,
				C659EE6927762061001C1E5D /* FooterActivityIndicatorView.xib */,
			);
			path = "Activity Indicator";
			sourceTree = "<group>";
		};
		C656EB93277A203B00E39EFC /* Class */ = {
			isa = PBXGroup;
			children = (
				C6603405277CEA9B00907494 /* SFDynamicCollectionViewController.swift */,
				C656EB95277A20B000E39EFC /* SFDynamicTableViewController.swift */,
				C64FE5A5277B4646002E5FC0 /* SFStaticTableViewController.swift */,
				C6564234277F3BFF00FBCE2F /* SFViewController.swift */,
			);
			path = Class;
			sourceTree = "<group>";
		};
		C656EB94277A204700E39EFC /* Protocol */ = {
			isa = PBXGroup;
			children = (
				C656EB9E277A3F3D00E39EFC /* IBViewController.swift */,
			);
			path = Protocol;
			sourceTree = "<group>";
		};
		C656EB9D277A3EE100E39EFC /* Protocol */ = {
			isa = PBXGroup;
			children = (
				C656EB99277A216B00E39EFC /* StatefulView.swift */,
				C656EBA0277A3F6B00E39EFC /* IBTableViewCell.swift */,
				C6603401277CE69400907494 /* IBCollectionViewCell.swift */,
			);
			path = Protocol;
			sourceTree = "<group>";
		};
		C65C0E01276A2C5E00ED17CB /* Organization */ = {
			isa = PBXGroup;
			children = (
				C65C0E03276A36DD00ED17CB /* OrganizationViewController.swift */,
				C65C0E05276A36F200ED17CB /* OrganizationDetailViewController.swift */,
			);
			path = Organization;
			sourceTree = "<group>";
		};
		C65C0E02276A2C7200ED17CB /* Organization */ = {
			isa = PBXGroup;
			children = (
				C65C0E07276A371900ED17CB /* OrganizationLogicController.swift */,
				C65C0E09276A374700ED17CB /* OrganizationDetailLogicController.swift */,
			);
			path = Organization;
			sourceTree = "<group>";
		};
		C664122D2780784D00D605BF /* History */ = {
			isa = PBXGroup;
			children = (
				C664122E2780785E00D605BF /* Controller */,
				C66412362780794900D605BF /* Extension */,
				C6641233278078E500D605BF /* Protocol */,
			);
			path = History;
			sourceTree = "<group>";
		};
		C664122E2780785E00D605BF /* Controller */ = {
			isa = PBXGroup;
			children = (
				C664122F2780786E00D605BF /* Logic */,
				C6641232278078B300D605BF /* View */,
			);
			path = Controller;
			sourceTree = "<group>";
		};
		C664122F2780786E00D605BF /* Logic */ = {
			isa = PBXGroup;
			children = (
				C66412302780789500D605BF /* HistoryLogicController.swift */,
			);
			path = Logic;
			sourceTree = "<group>";
		};
		C6641232278078B300D605BF /* View */ = {
			isa = PBXGroup;
			children = (
				C66033FF277CE53A00907494 /* HistoryCollectionViewController.swift */,
				C6F46E7B27541D0E00498614 /* HistoryTableViewController.swift */,
				C66033FD277CDF0400907494 /* HistoryViewController.swift */,
			);
			path = View;
			sourceTree = "<group>";
		};
		C6641233278078E500D605BF /* Protocol */ = {
			isa = PBXGroup;
			children = (
				C66412342780790E00D605BF /* HistoryDelegates.swift */,
			);
			path = Protocol;
			sourceTree = "<group>";
		};
		C66412362780794900D605BF /* Extension */ = {
			isa = PBXGroup;
			children = (
				C66412372780796E00D605BF /* HistoryExtensions.swift */,
			);
			path = Extension;
			sourceTree = "<group>";
		};
		C664123927807CC100D605BF /* Results */ = {
			isa = PBXGroup;
			children = (
				C664123A27807CC900D605BF /* Controller */,
				C664123F278083B300D605BF /* Protocol */,
			);
			path = Results;
			sourceTree = "<group>";
		};
		C664123A27807CC900D605BF /* Controller */ = {
			isa = PBXGroup;
			children = (
				C664123B27807CD300D605BF /* Logic */,
				C664123E27807D1200D605BF /* View */,
			);
			path = Controller;
			sourceTree = "<group>";
		};
		C664123B27807CD300D605BF /* Logic */ = {
			isa = PBXGroup;
			children = (
				C664123C27807CEA00D605BF /* ResultsLogicController.swift */,
			);
			path = Logic;
			sourceTree = "<group>";
		};
		C664123E27807D1200D605BF /* View */ = {
			isa = PBXGroup;
			children = (
				C6F46E7927541C9300498614 /* ResultsViewController.swift */,
			);
			path = View;
			sourceTree = "<group>";
		};
		C664123F278083B300D605BF /* Protocol */ = {
			isa = PBXGroup;
			children = (
				C6641240278083D700D605BF /* ResultsDelegates.swift */,
			);
			path = Protocol;
			sourceTree = "<group>";
		};
		C6641242278083FE00D605BF /* Coordinator */ = {
			isa = PBXGroup;
			children = (
				C66412432780840E00D605BF /* Extension */,
				C6C605FC273EC89000BA27C2 /* SearchCoordinator.swift */,
			);
			path = Coordinator;
			sourceTree = "<group>";
		};
		C66412432780840E00D605BF /* Extension */ = {
			isa = PBXGroup;
			children = (
				C66412442780845900D605BF /* CoordinatorExtensions.swift */,
			);
			path = Extension;
			sourceTree = "<group>";
		};
		C68B64DE271DD34B00A26D05 = {
			isa = PBXGroup;
			children = (
				C68B64E9271DD34B00A26D05 /* GitIt */,
				C68B64E8271DD34B00A26D05 /* Products */,
				41779AFCFDD04496FC182C00 /* Pods */,
				8D4BFC8D6F034917150316DB /* Frameworks */,
			);
			sourceTree = "<group>";
		};
		C68B64E8271DD34B00A26D05 /* Products */ = {
			isa = PBXGroup;
			children = (
				C68B64E7271DD34B00A26D05 /* GitIt.app */,
			);
			name = Products;
			sourceTree = "<group>";
		};
		C68B64E9271DD34B00A26D05 /* GitIt */ = {
			isa = PBXGroup;
			children = (
				C6110AEB275522930078D7E8 /* Resources */,
				C68B650D271E183B00A26D05 /* Services */,
				C68B6504271DD42A00A26D05 /* View */,
				C68B6503271DD41100A26D05 /* Controller */,
				C68B6501271DD38900A26D05 /* Model */,
				C68B64EA271DD34B00A26D05 /* AppDelegate.swift */,
				C68B64EC271DD34B00A26D05 /* SceneDelegate.swift */,
				C68B64FB271DD34C00A26D05 /* Info.plist */,
			);
			path = GitIt;
			sourceTree = "<group>";
		};
		C68B6501271DD38900A26D05 /* Model */ = {
			isa = PBXGroup;
			children = (
				C6DD54A72771182000DA0223 /* Data */,
				C63EEC98278D4490009C842A /* Extension */,
				C6CCED7D275D17F20052CC8E /* CoreData */,
				C6C605F9273EC7B700BA27C2 /* CommonTypes.swift */,
				C656EB9B277A269300E39EFC /* Constants.swift */,
				C6A1DC66274A11BC00E40BB8 /* Models.swift */,
			);
			path = Model;
			sourceTree = "<group>";
		};
		C68B6503271DD41100A26D05 /* Controller */ = {
			isa = PBXGroup;
			children = (
				C656EB93277A203B00E39EFC /* Class */,
				C6110AE6275509530078D7E8 /* Extension */,
				C6C605FB273EC87200BA27C2 /* Helper */,
				C6110AE52755094B0078D7E8 /* Logic */,
				C656EB94277A204700E39EFC /* Protocol */,
				C6CCED7E275D1DC40052CC8E /* View */,
			);
			path = Controller;
			sourceTree = "<group>";
		};
		C68B6504271DD42A00A26D05 /* View */ = {
			isa = PBXGroup;
			children = (
				C6CCED74275D0DC70052CC8E /* Class */,
				C6CCED6C275D0C150052CC8E /* Extension */,
				C6CCED7A275D13CA0052CC8E /* Helper */,
				C6CCED73275D0DAD0052CC8E /* Interface Builder */,
				C656EB9D277A3EE100E39EFC /* Protocol */,
			);
			path = View;
			sourceTree = "<group>";
		};
		C68B650D271E183B00A26D05 /* Services */ = {
			isa = PBXGroup;
			children = (
				C6DD54AA277118F800DA0223 /* Keychain */,
				C6DD54A5277117B800DA0223 /* Network */,
				C6DD54A82771184D00DA0223 /* Session */,
				C6DD54A92771187400DA0223 /* Theme */,
			);
			path = Services;
			sourceTree = "<group>";
		};
		C6A7F86C274CE02000622E76 /* Search */ = {
			isa = PBXGroup;
			children = (
				C6641242278083FE00D605BF /* Coordinator */,
				C664122D2780784D00D605BF /* History */,
				C664123927807CC100D605BF /* Results */,
				C6F46E7727541B2700498614 /* SearchController.swift */,
				C6C60600273ECA8300BA27C2 /* SearchTimer.swift */,
			);
			path = Search;
			sourceTree = "<group>";
		};
		C6B26AE52768B39A00ED41F8 /* Commit */ = {
			isa = PBXGroup;
			children = (
				C6B26AE62768B42700ED41F8 /* CommitViewController.swift */,
				C6B26AE82768B4D600ED41F8 /* CommitDetailViewController.swift */,
			);
			path = Commit;
			sourceTree = "<group>";
		};
		C6B26AEA2768B4F500ED41F8 /* Commit */ = {
			isa = PBXGroup;
			children = (
				C6B26AEB2768B51400ED41F8 /* CommitLogicController.swift */,
				C6B26AED2768B53100ED41F8 /* CommitDetailLogicController.swift */,
			);
			path = Commit;
			sourceTree = "<group>";
		};
		C6C605FB273EC87200BA27C2 /* Helper */ = {
			isa = PBXGroup;
			children = (
				C6A7F86C274CE02000622E76 /* Search */,
				C6C605FE273EC90000BA27C2 /* Spinner.swift */,
				C60FAE862744CD7F00A6CE77 /* URLHelper.swift */,
				C664124A2780C63B00D605BF /* AlertHelper.swift */,
			);
			path = Helper;
			sourceTree = "<group>";
		};
		C6CCED6C275D0C150052CC8E /* Extension */ = {
			isa = PBXGroup;
			children = (
				C653A3AE277DEB38001A5B72 /* UICollectionView.swift */,
				C6CCED71275D0D590052CC8E /* UIColor.swift */,
				C653A3AC277DEB10001A5B72 /* UITableView.swift */,
				C6CCED6D275D0C2E0052CC8E /* UIView.swift */,
			);
			path = Extension;
			sourceTree = "<group>";
		};
		C6CCED73275D0DAD0052CC8E /* Interface Builder */ = {
			isa = PBXGroup;
			children = (
				C6110ADF2754FEC60078D7E8 /* Storyboard */,
				C6110ADE2754FEB30078D7E8 /* XIB */,
			);
			path = "Interface Builder";
			sourceTree = "<group>";
		};
		C6CCED74275D0DC70052CC8E /* Class */ = {
			isa = PBXGroup;
			children = (
				C64FE5AB277B7C95002E5FC0 /* Activity Indicator */,
				C64FE5AC277B7CB1002E5FC0 /* Cell */,
				C64FE5AA277B7C86002E5FC0 /* Error */,
				C64FE5A9277B7C75002E5FC0 /* Stateful */,
				C6A7F86D274CE0E000622E76 /* HistoryHeaderView.swift */,
				C67AB9932789E30200D7E084 /* IconicNumericView.swift */,
				C6B3EB3D278AD96200CBEA48 /* IconicTextView.swift */,
				C662BE22279361690018845C /* AdaptableSizeButton.swift */,
			);
			path = Class;
			sourceTree = "<group>";
		};
		C6CCED7A275D13CA0052CC8E /* Helper */ = {
			isa = PBXGroup;
			children = (
				C6CCED78275D132D0052CC8E /* ImageLoader.swift */,
			);
			path = Helper;
			sourceTree = "<group>";
		};
		C6CCED7D275D17F20052CC8E /* CoreData */ = {
			isa = PBXGroup;
			children = (
				C62899E32783FA4F007155E8 /* Models */,
				C68B64F3271DD34B00A26D05 /* GitIt.xcdatamodeld */,
			);
			path = CoreData;
			sourceTree = "<group>";
		};
		C6CCED7E275D1DC40052CC8E /* View */ = {
			isa = PBXGroup;
			children = (
				C6B26AE52768B39A00ED41F8 /* Commit */,
				C65C0E01276A2C5E00ED17CB /* Organization */,
				C6CCED80275D2FCC0052CC8E /* Repository */,
				C6CCED7F275D2FB00052CC8E /* User */,
				C68B6507271DEC4A00A26D05 /* BookmarksViewController.swift */,
				C68FCBC7273838A50019C932 /* ExploreViewController.swift */,
				C6CCED83275D30B30052CC8E /* LicenseViewController.swift */,
				C64F6F0B27374F0300E2E727 /* ProfileViewController.swift */,
				C693C4A82729BE1D0061ED73 /* SignInViewController.swift */,
				C694B49C273F7DF400C6F5A6 /* SettingsViewController.swift */,
				C6856676274BBB7400833D6E /* SplashViewController.swift */,
			);
			path = View;
			sourceTree = "<group>";
		};
		C6CCED7F275D2FB00052CC8E /* User */ = {
			isa = PBXGroup;
			children = (
				C6A1482B2739819000BE7DE9 /* UserViewController.swift */,
				C68B6509271E148B00A26D05 /* UserDetailViewController.swift */,
			);
			path = User;
			sourceTree = "<group>";
		};
		C6CCED80275D2FCC0052CC8E /* Repository */ = {
			isa = PBXGroup;
			children = (
				C68B6505271DEB8E00A26D05 /* RepositoryViewController.swift */,
				C68B650B271E152E00A26D05 /* RepositoryDetailViewController.swift */,
			);
			path = Repository;
			sourceTree = "<group>";
		};
		C6CCED81275D2FE60052CC8E /* User */ = {
			isa = PBXGroup;
			children = (
				C64F6F072736DCF900E2E727 /* UserLogicController.swift */,
				C6856678274BC3E200833D6E /* UserDetailLogicController.swift */,
			);
			path = User;
			sourceTree = "<group>";
		};
		C6CCED82275D2FEF0052CC8E /* Repository */ = {
			isa = PBXGroup;
			children = (
				C6110AE7275509AC0078D7E8 /* RepositoryLogicController.swift */,
				C6110AEE275545730078D7E8 /* RepositoryDetailLogicController.swift */,
			);
			path = Repository;
			sourceTree = "<group>";
		};
		C6DD54A5277117B800DA0223 /* Network */ = {
			isa = PBXGroup;
			children = (
				C6DD54AC27711F5400DA0223 /* Helper */,
				C6DD54A6277117C500DA0223 /* Extension */,
				C68B650E271E1A1400A26D05 /* NetworkClient.swift */,
				C69ECCE22732566800E158A3 /* NetworkManager.swift */,
				C66F2A232740D3D1000ED46E /* NetworkTypes.swift */,
			);
			path = Network;
			sourceTree = "<group>";
		};
		C6DD54A6277117C500DA0223 /* Extension */ = {
			isa = PBXGroup;
			children = (
				C6665EE6276F9DFB00178BA6 /* URLSession.swift */,
			);
			path = Extension;
			sourceTree = "<group>";
		};
		C6DD54A72771182000DA0223 /* Data */ = {
			isa = PBXGroup;
			children = (
				C6216FAD2791E70600C9ABC2 /* Manager */,
				C6DFF6122791A98F00A617CB /* Helper */,
				C6DD549E2771141800DA0223 /* DataTypes.swift */,
			);
			path = Data;
			sourceTree = "<group>";
		};
		C6DD54A82771184D00DA0223 /* Session */ = {
			isa = PBXGroup;
			children = (
				C6DD54AB2771192E00DA0223 /* Helper */,
				C69ECCE52732819000E158A3 /* SessionManager.swift */,
				C6DD54A02771146000DA0223 /* SessionTypes.swift */,
			);
			path = Session;
			sourceTree = "<group>";
		};
		C6DD54A92771187400DA0223 /* Theme */ = {
			isa = PBXGroup;
			children = (
				C678EAE5278C3BF800A6985D /* ThemeManager.swift */,
				C6DD54A2277114CF00DA0223 /* ThemeTypes.swift */,
			);
			path = Theme;
			sourceTree = "<group>";
		};
		C6DD54AA277118F800DA0223 /* Keychain */ = {
			isa = PBXGroup;
			children = (
				C635C00A2731AF7600ADA247 /* KeychainManager.swift */,
			);
			path = Keychain;
			sourceTree = "<group>";
		};
		C6DD54AB2771192E00DA0223 /* Helper */ = {
			isa = PBXGroup;
			children = (
				C69ECCD827323D5A00E158A3 /* TokenHelper.swift */,
			);
			path = Helper;
			sourceTree = "<group>";
		};
		C6DD54AC27711F5400DA0223 /* Helper */ = {
			isa = PBXGroup;
			children = (
				C64F6F092736F33700E2E727 /* ReachabilityHelper.swift */,
			);
			path = Helper;
			sourceTree = "<group>";
		};
		C6DFF6122791A98F00A617CB /* Helper */ = {
			isa = PBXGroup;
			children = (
				C6216FAB2791AED100C9ABC2 /* BundleHelper.swift */,
				C6B2DF702720887600AB0C8F /* CoreDataHelper.swift */,
				C6DFF6152791A9DF00A617CB /* FileManagerHelper.swift */,
				C6DFF6132791A9AE00A617CB /* UserDefaultsHelper.swift */,
			);
			path = Helper;
			sourceTree = "<group>";
		};
/* End PBXGroup section */

/* Begin PBXNativeTarget section */
		C68B64E6271DD34B00A26D05 /* GitIt */ = {
			isa = PBXNativeTarget;
			buildConfigurationList = C68B64FE271DD34C00A26D05 /* Build configuration list for PBXNativeTarget "GitIt" */;
			buildPhases = (
				A308C00E41CF4958C7E4F415 /* [CP] Check Pods Manifest.lock */,
				C68B64E3271DD34B00A26D05 /* Sources */,
				C68B64E4271DD34B00A26D05 /* Frameworks */,
				C68B64E5271DD34B00A26D05 /* Resources */,
				E13DDC0588078455B868F1D4 /* [CP] Embed Pods Frameworks */,
			);
			buildRules = (
			);
			dependencies = (
			);
			name = GitIt;
			productName = GitIt;
			productReference = C68B64E7271DD34B00A26D05 /* GitIt.app */;
			productType = "com.apple.product-type.application";
		};
/* End PBXNativeTarget section */

/* Begin PBXProject section */
		C68B64DF271DD34B00A26D05 /* Project object */ = {
			isa = PBXProject;
			attributes = {
				LastSwiftUpdateCheck = 1250;
				LastUpgradeCheck = 1250;
				TargetAttributes = {
					C68B64E6271DD34B00A26D05 = {
						CreatedOnToolsVersion = 12.5.1;
					};
				};
			};
			buildConfigurationList = C68B64E2271DD34B00A26D05 /* Build configuration list for PBXProject "GitIt" */;
			compatibilityVersion = "Xcode 9.3";
			developmentRegion = en;
			hasScannedForEncodings = 0;
			knownRegions = (
				en,
				Base,
				ar,
			);
			mainGroup = C68B64DE271DD34B00A26D05;
			productRefGroup = C68B64E8271DD34B00A26D05 /* Products */;
			projectDirPath = "";
			projectRoot = "";
			targets = (
				C68B64E6271DD34B00A26D05 /* GitIt */,
			);
		};
/* End PBXProject section */

/* Begin PBXResourcesBuildPhase section */
		C68B64E5271DD34B00A26D05 /* Resources */ = {
			isa = PBXResourcesBuildPhase;
			buildActionMask = 2147483647;
			files = (
				C68B64FA271DD34C00A26D05 /* LaunchScreen.storyboard in Resources */,
				C685667F274BF7EB00833D6E /* HistoryCollectionViewCell.xib in Resources */,
				C69BEE4627422414005B6AA2 /* UserTableViewCell.xib in Resources */,
				C659EE662776087D001C1E5D /* ActivityIndicatorView.xib in Resources */,
				C69A5E4A27428B5F007054EA /* HistoryTableViewCell.xib in Resources */,
				C6B3EB40278AD9B100CBEA48 /* IconicTextView.xib in Resources */,
				C6B26AF42768C76600ED41F8 /* CommitTableViewCell.xib in Resources */,
				C6110AED275522F70078D7E8 /* LanguageColors.json in Resources */,
				C67AB9922789E01E00D7E084 /* IconicNumericView.xib in Resources */,
				C63EEC9B278D6B59009C842A /* Search.storyboard in Resources */,
				C66412472780859A00D605BF /* EmptyView.xib in Resources */,
				C659EE6A27762061001C1E5D /* FooterActivityIndicatorView.xib in Resources */,
				C645FCF0278BDF2C006719E2 /* InAppSettings.bundle in Resources */,
				C68B64F7271DD34C00A26D05 /* Assets.xcassets in Resources */,
				C68B64F2271DD34B00A26D05 /* Main.storyboard in Resources */,
				C656EBA5277A491200E39EFC /* FooterErrorView.xib in Resources */,
				C63EEC94278D437F009C842A /* Localizable.strings in Resources */,
				C6F46E762753AC5B00498614 /* HistoryView.xib in Resources */,
				C662EE95278F071F005545DB /* ErrorView.xib in Resources */,
				C6110AE32754FFF10078D7E8 /* RepositoryTableViewCell.xib in Resources */,
				C65C0E10276A43DB00ED17CB /* OrganizationTableViewCell.xib in Resources */,
			);
			runOnlyForDeploymentPostprocessing = 0;
		};
/* End PBXResourcesBuildPhase section */

/* Begin PBXShellScriptBuildPhase section */
		A308C00E41CF4958C7E4F415 /* [CP] Check Pods Manifest.lock */ = {
			isa = PBXShellScriptBuildPhase;
			buildActionMask = 2147483647;
			files = (
			);
			inputFileListPaths = (
			);
			inputPaths = (
				"${PODS_PODFILE_DIR_PATH}/Podfile.lock",
				"${PODS_ROOT}/Manifest.lock",
			);
			name = "[CP] Check Pods Manifest.lock";
			outputFileListPaths = (
			);
			outputPaths = (
				"$(DERIVED_FILE_DIR)/Pods-GitIt-checkManifestLockResult.txt",
			);
			runOnlyForDeploymentPostprocessing = 0;
			shellPath = /bin/sh;
			shellScript = "diff \"${PODS_PODFILE_DIR_PATH}/Podfile.lock\" \"${PODS_ROOT}/Manifest.lock\" > /dev/null\nif [ $? != 0 ] ; then\n    # print error to STDERR\n    echo \"error: The sandbox is not in sync with the Podfile.lock. Run 'pod install' or update your CocoaPods installation.\" >&2\n    exit 1\nfi\n# This output is used by Xcode 'outputs' to avoid re-running this script phase.\necho \"SUCCESS\" > \"${SCRIPT_OUTPUT_FILE_0}\"\n";
			showEnvVarsInLog = 0;
		};
		E13DDC0588078455B868F1D4 /* [CP] Embed Pods Frameworks */ = {
			isa = PBXShellScriptBuildPhase;
			buildActionMask = 2147483647;
			files = (
			);
			inputFileListPaths = (
				"${PODS_ROOT}/Target Support Files/Pods-GitIt/Pods-GitIt-frameworks-${CONFIGURATION}-input-files.xcfilelist",
			);
			name = "[CP] Embed Pods Frameworks";
			outputFileListPaths = (
				"${PODS_ROOT}/Target Support Files/Pods-GitIt/Pods-GitIt-frameworks-${CONFIGURATION}-output-files.xcfilelist",
			);
			runOnlyForDeploymentPostprocessing = 0;
			shellPath = /bin/sh;
			shellScript = "\"${PODS_ROOT}/Target Support Files/Pods-GitIt/Pods-GitIt-frameworks.sh\"\n";
			showEnvVarsInLog = 0;
		};
/* End PBXShellScriptBuildPhase section */

/* Begin PBXSourcesBuildPhase section */
		C68B64E3271DD34B00A26D05 /* Sources */ = {
			isa = PBXSourcesBuildPhase;
			buildActionMask = 2147483647;
			files = (
				C64F6F0A2736F33700E2E727 /* ReachabilityHelper.swift in Sources */,
				C6641241278083D700D605BF /* ResultsDelegates.swift in Sources */,
				C69ECCDB2732441F00E158A3 /* DataManager.swift in Sources */,
				C66412492780888D00D605BF /* EmptyView.swift in Sources */,
				C6B26AEC2768B51400ED41F8 /* CommitLogicController.swift in Sources */,
				C68B6508271DEC4A00A26D05 /* BookmarksViewController.swift in Sources */,
				C68AC80B2783404700FE0C08 /* User+CoreDataClass.swift in Sources */,
				C6856677274BBB7400833D6E /* SplashViewController.swift in Sources */,
				C6DD54A12771146000DA0223 /* SessionTypes.swift in Sources */,
				C68AC80F278340F500FE0C08 /* Repository+CoreDataClass.swift in Sources */,
				C635C00B2731AF7600ADA247 /* KeychainManager.swift in Sources */,
				C65C0E0F276A43DB00ED17CB /* OrganizationTableViewCell.swift in Sources */,
				C64F6F082736DCF900E2E727 /* UserLogicController.swift in Sources */,
				C68AC80027831E4000FE0C08 /* BookmarksManager.swift in Sources */,
				C68B6506271DEB8E00A26D05 /* RepositoryViewController.swift in Sources */,
				C6C605FD273EC89000BA27C2 /* SearchCoordinator.swift in Sources */,
				C656EB9C277A269300E39EFC /* Constants.swift in Sources */,
				C656EB9F277A3F3D00E39EFC /* IBViewController.swift in Sources */,
				C659EE6827761F20001C1E5D /* FooterActivityIndicatorView.swift in Sources */,
				C6216FAC2791AED100C9ABC2 /* BundleHelper.swift in Sources */,
				C6E6799D279064620060AFD3 /* SearchHistoryManager.swift in Sources */,
				C678EAE6278C3BF800A6985D /* ThemeManager.swift in Sources */,
				C66F2A242740D3D1000ED46E /* NetworkTypes.swift in Sources */,
				C6110AEF275545730078D7E8 /* RepositoryDetailLogicController.swift in Sources */,
				C64F6F0C27374F0300E2E727 /* ProfileViewController.swift in Sources */,
				C65C0E08276A371900ED17CB /* OrganizationLogicController.swift in Sources */,
				C68B64EB271DD34B00A26D05 /* AppDelegate.swift in Sources */,
				C6B26AE72768B42700ED41F8 /* CommitViewController.swift in Sources */,
				C64FE5A6277B4646002E5FC0 /* SFStaticTableViewController.swift in Sources */,
				C662BE23279361690018845C /* AdaptableSizeButton.swift in Sources */,
				C66412352780790E00D605BF /* HistoryDelegates.swift in Sources */,
				C696BFE92725E49E0078FBF4 /* UserTableViewCell.swift in Sources */,
				C68B650A271E148B00A26D05 /* UserDetailViewController.swift in Sources */,
				C6603406277CEA9B00907494 /* SFDynamicCollectionViewController.swift in Sources */,
				C6665EE7276F9DFB00178BA6 /* URLSession.swift in Sources */,
				C6564237277F3CBD00FBCE2F /* SFView.swift in Sources */,
				C67AB9942789E30200D7E084 /* IconicNumericView.swift in Sources */,
				C60FAE872744CD7F00A6CE77 /* URLHelper.swift in Sources */,
				C6B26AE92768B4D600ED41F8 /* CommitDetailViewController.swift in Sources */,
				C6F46E7A27541C9300498614 /* ResultsViewController.swift in Sources */,
				C69ECCE32732566800E158A3 /* NetworkManager.swift in Sources */,
				C65C0E06276A36F200ED17CB /* OrganizationDetailViewController.swift in Sources */,
				C68FCBC8273838A50019C932 /* ExploreViewController.swift in Sources */,
				C664123D27807CEA00D605BF /* ResultsLogicController.swift in Sources */,
				C6F46E7827541B2700498614 /* SearchController.swift in Sources */,
				C68AC8132783414400FE0C08 /* Organization+CoreDataClass.swift in Sources */,
				C6B26AEE2768B53100ED41F8 /* CommitDetailLogicController.swift in Sources */,
				C656EBA3277A47FA00E39EFC /* FooterErrorView.swift in Sources */,
				C62899E7278400EE007155E8 /* BookmarksLogicController.swift in Sources */,
				C6F46E7C27541D0E00498614 /* HistoryTableViewController.swift in Sources */,
				C6CCED86275D36A00052CC8E /* LicenseLogicController.swift in Sources */,
				C65C0E04276A36DD00ED17CB /* OrganizationViewController.swift in Sources */,
				C65C0E0A276A374700ED17CB /* OrganizationDetailLogicController.swift in Sources */,
				C69ECCE62732819000E158A3 /* SessionManager.swift in Sources */,
				C68B650F271E1A1400A26D05 /* NetworkClient.swift in Sources */,
				C68B650C271E152E00A26D05 /* RepositoryDetailViewController.swift in Sources */,
				C6A7F86E274CE0E000622E76 /* HistoryHeaderView.swift in Sources */,
				C63EEC9A278D44AD009C842A /* FoundationExtensions.swift in Sources */,
				C6C605FF273EC90000BA27C2 /* Spinner.swift in Sources */,
				C6564235277F3BFF00FBCE2F /* SFViewController.swift in Sources */,
				C66412382780796E00D605BF /* HistoryExtensions.swift in Sources */,
				C659EE6427760600001C1E5D /* ActivityIndicatorView.swift in Sources */,
				C6CCED6E275D0C2E0052CC8E /* UIView.swift in Sources */,
				C656EB9A277A216B00E39EFC /* StatefulView.swift in Sources */,
				C694B49D273F7DF400C6F5A6 /* SettingsViewController.swift in Sources */,
				C68B64ED271DD34B00A26D05 /* SceneDelegate.swift in Sources */,
				C6110AE22754FFF10078D7E8 /* RepositoryTableViewCell.swift in Sources */,
				C68B64F5271DD34B00A26D05 /* GitIt.xcdatamodeld in Sources */,
				C6B3EB3E278AD96200CBEA48 /* IconicTextView.swift in Sources */,
				C69A5E4927428B5F007054EA /* HistoryTableViewCell.swift in Sources */,
				C656EB96277A20B000E39EFC /* SFDynamicTableViewController.swift in Sources */,
				C66412312780789500D605BF /* HistoryLogicController.swift in Sources */,
				C6603400277CE53A00907494 /* HistoryCollectionViewController.swift in Sources */,
				C68AC8142783414400FE0C08 /* Organization+CoreDataProperties.swift in Sources */,
				C6CCED84275D30B30052CC8E /* LicenseViewController.swift in Sources */,
				C6CCED76275D0E370052CC8E /* SFImageView.swift in Sources */,
				C6DD549F2771141800DA0223 /* DataTypes.swift in Sources */,
				C6CCED72275D0D590052CC8E /* UIColor.swift in Sources */,
				C6DD54A3277114CF00DA0223 /* ThemeTypes.swift in Sources */,
				C62899E22783EA8D007155E8 /* Owner+CoreDataProperties.swift in Sources */,
				C659EE6C27762433001C1E5D /* ErrorView.swift in Sources */,
				C6603402277CE69400907494 /* IBCollectionViewCell.swift in Sources */,
				C6B2DF712720887600AB0C8F /* CoreDataHelper.swift in Sources */,
				C653A3AD277DEB10001A5B72 /* UITableView.swift in Sources */,
				C6CCED79275D132D0052CC8E /* ImageLoader.swift in Sources */,
				C656EBA1277A3F6B00E39EFC /* IBTableViewCell.swift in Sources */,
				C69ECCD927323D5A00E158A3 /* TokenHelper.swift in Sources */,
				C62899E12783EA8D007155E8 /* Owner+CoreDataClass.swift in Sources */,
				C66033FE277CDF0400907494 /* HistoryViewController.swift in Sources */,
				C68AC80C2783404700FE0C08 /* User+CoreDataProperties.swift in Sources */,
				C6DFF6162791A9DF00A617CB /* FileManagerHelper.swift in Sources */,
				C656EB98277A210800E39EFC /* SFDynamicTableView.swift in Sources */,
				C6603404277CE86700907494 /* SFDynamicCollectionView.swift in Sources */,
				C685667E274BF7EB00833D6E /* HistoryCollectionViewCell.swift in Sources */,
				C664124B2780C63B00D605BF /* AlertHelper.swift in Sources */,
				C653A3AF277DEB38001A5B72 /* UICollectionView.swift in Sources */,
				C6B26AF32768C76600ED41F8 /* CommitTableViewCell.swift in Sources */,
				C6856679274BC3E300833D6E /* UserDetailLogicController.swift in Sources */,
				C6DFF6142791A9AE00A617CB /* UserDefaultsHelper.swift in Sources */,
				C693C4A92729BE1D0061ED73 /* SignInViewController.swift in Sources */,
				C68AC810278340F500FE0C08 /* Repository+CoreDataProperties.swift in Sources */,
				C64FE5A8277B4670002E5FC0 /* SFStaticTableView.swift in Sources */,
				C66412452780845900D605BF /* CoordinatorExtensions.swift in Sources */,
				C6A1DC67274A11BC00E40BB8 /* Models.swift in Sources */,
				C6110AE8275509AC0078D7E8 /* RepositoryLogicController.swift in Sources */,
				C6C605FA273EC7B700BA27C2 /* CommonTypes.swift in Sources */,
				C6A1482C2739819000BE7DE9 /* UserViewController.swift in Sources */,
				C6C60601273ECA8300BA27C2 /* SearchTimer.swift in Sources */,
			);
			runOnlyForDeploymentPostprocessing = 0;
		};
/* End PBXSourcesBuildPhase section */

/* Begin PBXVariantGroup section */
		C63EEC96278D437F009C842A /* Localizable.strings */ = {
			isa = PBXVariantGroup;
			children = (
				C63EEC95278D437F009C842A /* en */,
				C63EEC97278D4381009C842A /* ar */,
			);
			name = Localizable.strings;
			sourceTree = "<group>";
		};
		C63EEC9D278D6B59009C842A /* Search.storyboard */ = {
			isa = PBXVariantGroup;
			children = (
				C63EEC9C278D6B59009C842A /* Base */,
				C63EEC9F278D6B64009C842A /* ar */,
			);
			name = Search.storyboard;
			sourceTree = "<group>";
		};
		C662EE97278F071F005545DB /* ErrorView.xib */ = {
			isa = PBXVariantGroup;
			children = (
				C662EE96278F071F005545DB /* Base */,
				C662EE9B278F0725005545DB /* ar */,
			);
			name = ErrorView.xib;
			sourceTree = "<group>";
		};
		C68B64F0271DD34B00A26D05 /* Main.storyboard */ = {
			isa = PBXVariantGroup;
			children = (
				C68B64F1271DD34B00A26D05 /* Base */,
				C63EEC91278D3988009C842A /* ar */,
			);
			name = Main.storyboard;
			sourceTree = "<group>";
		};
		C68B64F8271DD34C00A26D05 /* LaunchScreen.storyboard */ = {
			isa = PBXVariantGroup;
			children = (
				C68B64F9271DD34C00A26D05 /* Base */,
			);
			name = LaunchScreen.storyboard;
			sourceTree = "<group>";
		};
/* End PBXVariantGroup section */

/* Begin XCBuildConfiguration section */
		C68B64FC271DD34C00A26D05 /* Debug */ = {
			isa = XCBuildConfiguration;
			buildSettings = {
				ALWAYS_SEARCH_USER_PATHS = NO;
				CLANG_ANALYZER_LOCALIZABILITY_NONLOCALIZED = YES;
				CLANG_ANALYZER_NONNULL = YES;
				CLANG_ANALYZER_NUMBER_OBJECT_CONVERSION = YES_AGGRESSIVE;
				CLANG_CXX_LANGUAGE_STANDARD = "gnu++14";
				CLANG_CXX_LIBRARY = "libc++";
				CLANG_ENABLE_MODULES = YES;
				CLANG_ENABLE_OBJC_ARC = YES;
				CLANG_ENABLE_OBJC_WEAK = YES;
				CLANG_WARN_BLOCK_CAPTURE_AUTORELEASING = YES;
				CLANG_WARN_BOOL_CONVERSION = YES;
				CLANG_WARN_COMMA = YES;
				CLANG_WARN_CONSTANT_CONVERSION = YES;
				CLANG_WARN_DEPRECATED_OBJC_IMPLEMENTATIONS = YES;
				CLANG_WARN_DIRECT_OBJC_ISA_USAGE = YES_ERROR;
				CLANG_WARN_DOCUMENTATION_COMMENTS = YES;
				CLANG_WARN_EMPTY_BODY = YES;
				CLANG_WARN_ENUM_CONVERSION = YES;
				CLANG_WARN_INFINITE_RECURSION = YES;
				CLANG_WARN_INT_CONVERSION = YES;
				CLANG_WARN_NON_LITERAL_NULL_CONVERSION = YES;
				CLANG_WARN_OBJC_IMPLICIT_RETAIN_SELF = YES;
				CLANG_WARN_OBJC_LITERAL_CONVERSION = YES;
				CLANG_WARN_OBJC_ROOT_CLASS = YES_ERROR;
				CLANG_WARN_QUOTED_INCLUDE_IN_FRAMEWORK_HEADER = YES;
				CLANG_WARN_RANGE_LOOP_ANALYSIS = YES;
				CLANG_WARN_STRICT_PROTOTYPES = YES;
				CLANG_WARN_SUSPICIOUS_MOVE = YES;
				CLANG_WARN_UNGUARDED_AVAILABILITY = YES_AGGRESSIVE;
				CLANG_WARN_UNREACHABLE_CODE = YES;
				CLANG_WARN__DUPLICATE_METHOD_MATCH = YES;
				COPY_PHASE_STRIP = NO;
				DEBUG_INFORMATION_FORMAT = dwarf;
				ENABLE_STRICT_OBJC_MSGSEND = YES;
				ENABLE_TESTABILITY = YES;
				GCC_C_LANGUAGE_STANDARD = gnu11;
				GCC_DYNAMIC_NO_PIC = NO;
				GCC_NO_COMMON_BLOCKS = YES;
				GCC_OPTIMIZATION_LEVEL = 0;
				GCC_PREPROCESSOR_DEFINITIONS = (
					"DEBUG=1",
					"$(inherited)",
				);
				GCC_WARN_64_TO_32_BIT_CONVERSION = YES;
				GCC_WARN_ABOUT_RETURN_TYPE = YES_ERROR;
				GCC_WARN_UNDECLARED_SELECTOR = YES;
				GCC_WARN_UNINITIALIZED_AUTOS = YES_AGGRESSIVE;
				GCC_WARN_UNUSED_FUNCTION = YES;
				GCC_WARN_UNUSED_VARIABLE = YES;
				IPHONEOS_DEPLOYMENT_TARGET = 14.5;
				MTL_ENABLE_DEBUG_INFO = INCLUDE_SOURCE;
				MTL_FAST_MATH = YES;
				ONLY_ACTIVE_ARCH = YES;
				SDKROOT = iphoneos;
				SWIFT_ACTIVE_COMPILATION_CONDITIONS = DEBUG;
				SWIFT_OPTIMIZATION_LEVEL = "-Onone";
			};
			name = Debug;
		};
		C68B64FD271DD34C00A26D05 /* Release */ = {
			isa = XCBuildConfiguration;
			buildSettings = {
				ALWAYS_SEARCH_USER_PATHS = NO;
				CLANG_ANALYZER_LOCALIZABILITY_NONLOCALIZED = YES;
				CLANG_ANALYZER_NONNULL = YES;
				CLANG_ANALYZER_NUMBER_OBJECT_CONVERSION = YES_AGGRESSIVE;
				CLANG_CXX_LANGUAGE_STANDARD = "gnu++14";
				CLANG_CXX_LIBRARY = "libc++";
				CLANG_ENABLE_MODULES = YES;
				CLANG_ENABLE_OBJC_ARC = YES;
				CLANG_ENABLE_OBJC_WEAK = YES;
				CLANG_WARN_BLOCK_CAPTURE_AUTORELEASING = YES;
				CLANG_WARN_BOOL_CONVERSION = YES;
				CLANG_WARN_COMMA = YES;
				CLANG_WARN_CONSTANT_CONVERSION = YES;
				CLANG_WARN_DEPRECATED_OBJC_IMPLEMENTATIONS = YES;
				CLANG_WARN_DIRECT_OBJC_ISA_USAGE = YES_ERROR;
				CLANG_WARN_DOCUMENTATION_COMMENTS = YES;
				CLANG_WARN_EMPTY_BODY = YES;
				CLANG_WARN_ENUM_CONVERSION = YES;
				CLANG_WARN_INFINITE_RECURSION = YES;
				CLANG_WARN_INT_CONVERSION = YES;
				CLANG_WARN_NON_LITERAL_NULL_CONVERSION = YES;
				CLANG_WARN_OBJC_IMPLICIT_RETAIN_SELF = YES;
				CLANG_WARN_OBJC_LITERAL_CONVERSION = YES;
				CLANG_WARN_OBJC_ROOT_CLASS = YES_ERROR;
				CLANG_WARN_QUOTED_INCLUDE_IN_FRAMEWORK_HEADER = YES;
				CLANG_WARN_RANGE_LOOP_ANALYSIS = YES;
				CLANG_WARN_STRICT_PROTOTYPES = YES;
				CLANG_WARN_SUSPICIOUS_MOVE = YES;
				CLANG_WARN_UNGUARDED_AVAILABILITY = YES_AGGRESSIVE;
				CLANG_WARN_UNREACHABLE_CODE = YES;
				CLANG_WARN__DUPLICATE_METHOD_MATCH = YES;
				COPY_PHASE_STRIP = NO;
				DEBUG_INFORMATION_FORMAT = "dwarf-with-dsym";
				ENABLE_NS_ASSERTIONS = NO;
				ENABLE_STRICT_OBJC_MSGSEND = YES;
				GCC_C_LANGUAGE_STANDARD = gnu11;
				GCC_NO_COMMON_BLOCKS = YES;
				GCC_WARN_64_TO_32_BIT_CONVERSION = YES;
				GCC_WARN_ABOUT_RETURN_TYPE = YES_ERROR;
				GCC_WARN_UNDECLARED_SELECTOR = YES;
				GCC_WARN_UNINITIALIZED_AUTOS = YES_AGGRESSIVE;
				GCC_WARN_UNUSED_FUNCTION = YES;
				GCC_WARN_UNUSED_VARIABLE = YES;
				IPHONEOS_DEPLOYMENT_TARGET = 14.5;
				MTL_ENABLE_DEBUG_INFO = NO;
				MTL_FAST_MATH = YES;
				SDKROOT = iphoneos;
				SWIFT_COMPILATION_MODE = wholemodule;
				SWIFT_OPTIMIZATION_LEVEL = "-O";
				VALIDATE_PRODUCT = YES;
			};
			name = Release;
		};
		C68B64FF271DD34C00A26D05 /* Debug */ = {
			isa = XCBuildConfiguration;
			baseConfigurationReference = 289C9137C4BEF3F7DA6274A7 /* Pods-GitIt.debug.xcconfig */;
			buildSettings = {
				ASSETCATALOG_COMPILER_APPICON_NAME = AppIcon;
				ASSETCATALOG_COMPILER_GLOBAL_ACCENT_COLOR_NAME = AccentColor;
				CODE_SIGN_STYLE = Automatic;
				DEVELOPMENT_TEAM = Z3SPAA69G7;
				INFOPLIST_FILE = GitIt/Info.plist;
				IPHONEOS_DEPLOYMENT_TARGET = 13.0;
				LD_RUNPATH_SEARCH_PATHS = (
					"$(inherited)",
					"@executable_path/Frameworks",
				);
				PRODUCT_BUNDLE_IDENTIFIER = com.loay.GitIt;
				PRODUCT_NAME = "$(TARGET_NAME)";
				SWIFT_VERSION = 5.0;
				TARGETED_DEVICE_FAMILY = 1;
			};
			name = Debug;
		};
		C68B6500271DD34C00A26D05 /* Release */ = {
			isa = XCBuildConfiguration;
			baseConfigurationReference = 0414408764075E1116E272E1 /* Pods-GitIt.release.xcconfig */;
			buildSettings = {
				ASSETCATALOG_COMPILER_APPICON_NAME = AppIcon;
				ASSETCATALOG_COMPILER_GLOBAL_ACCENT_COLOR_NAME = AccentColor;
				CODE_SIGN_STYLE = Automatic;
				DEVELOPMENT_TEAM = Z3SPAA69G7;
				INFOPLIST_FILE = GitIt/Info.plist;
				IPHONEOS_DEPLOYMENT_TARGET = 13.0;
				LD_RUNPATH_SEARCH_PATHS = (
					"$(inherited)",
					"@executable_path/Frameworks",
				);
				ONLY_ACTIVE_ARCH = NO;
				PRODUCT_BUNDLE_IDENTIFIER = com.loay.GitIt;
				PRODUCT_NAME = "$(TARGET_NAME)";
				SWIFT_VERSION = 5.0;
				TARGETED_DEVICE_FAMILY = 1;
			};
			name = Release;
		};
/* End XCBuildConfiguration section */

/* Begin XCConfigurationList section */
		C68B64E2271DD34B00A26D05 /* Build configuration list for PBXProject "GitIt" */ = {
			isa = XCConfigurationList;
			buildConfigurations = (
				C68B64FC271DD34C00A26D05 /* Debug */,
				C68B64FD271DD34C00A26D05 /* Release */,
			);
			defaultConfigurationIsVisible = 0;
			defaultConfigurationName = Debug;
		};
		C68B64FE271DD34C00A26D05 /* Build configuration list for PBXNativeTarget "GitIt" */ = {
			isa = XCConfigurationList;
			buildConfigurations = (
				C68B64FF271DD34C00A26D05 /* Debug */,
				C68B6500271DD34C00A26D05 /* Release */,
			);
			defaultConfigurationIsVisible = 0;
			defaultConfigurationName = Debug;
		};
/* End XCConfigurationList section */

/* Begin XCVersionGroup section */
		C68B64F3271DD34B00A26D05 /* GitIt.xcdatamodeld */ = {
			isa = XCVersionGroup;
			children = (
				C68B64F4271DD34B00A26D05 /* GitIt.xcdatamodel */,
			);
			currentVersion = C68B64F4271DD34B00A26D05 /* GitIt.xcdatamodel */;
			path = GitIt.xcdatamodeld;
			sourceTree = "<group>";
			versionGroupType = wrapper.xcdatamodel;
		};
/* End XCVersionGroup section */
	};
	rootObject = C68B64DF271DD34B00A26D05 /* Project object */;
}
